// !$*UTF8*$!
{
	archiveVersion = 1;
	classes = {
	};
	objectVersion = 48;
	objects = {

/* Begin PBXBuildFile section */
		F556E4B1209D02730088591D /* AppDelegate.swift in Sources */ = {isa = PBXBuildFile; fileRef = F556E4B0209D02730088591D /* AppDelegate.swift */; };
		F556E4B6209D02730088591D /* Main.storyboard in Resources */ = {isa = PBXBuildFile; fileRef = F556E4B4209D02730088591D /* Main.storyboard */; };
		F556E4B8209D02730088591D /* Assets.xcassets in Resources */ = {isa = PBXBuildFile; fileRef = F556E4B7209D02730088591D /* Assets.xcassets */; };
		F556E4BB209D02730088591D /* LaunchScreen.storyboard in Resources */ = {isa = PBXBuildFile; fileRef = F556E4B9209D02730088591D /* LaunchScreen.storyboard */; };
		F556E4C3209D02CD0088591D /* DwarfTableViewController.swift in Sources */ = {isa = PBXBuildFile; fileRef = F556E4C2209D02CD0088591D /* DwarfTableViewController.swift */; };
		F556E4C7209D03130088591D /* Dwarves.swift in Sources */ = {isa = PBXBuildFile; fileRef = F556E4C6209D03130088591D /* Dwarves.swift */; };
/* End PBXBuildFile section */

/* Begin PBXFileReference section */
		F556E4AD209D02730088591D /* Dwarves.app */ = {isa = PBXFileReference; explicitFileType = wrapper.application; includeInIndex = 0; path = Dwarves.app; sourceTree = BUILT_PRODUCTS_DIR; };
		F556E4B0209D02730088591D /* AppDelegate.swift */ = {isa = PBXFileReference; lastKnownFileType = sourcecode.swift; path = AppDelegate.swift; sourceTree = "<group>"; };
		F556E4B5209D02730088591D /* Base */ = {isa = PBXFileReference; lastKnownFileType = file.storyboard; name = Base; path = Base.lproj/Main.storyboard; sourceTree = "<group>"; };
		F556E4B7209D02730088591D /* Assets.xcassets */ = {isa = PBXFileReference; lastKnownFileType = folder.assetcatalog; path = Assets.xcassets; sourceTree = "<group>"; };
		F556E4BA209D02730088591D /* Base */ = {isa = PBXFileReference; lastKnownFileType = file.storyboard; name = Base; path = Base.lproj/LaunchScreen.storyboard; sourceTree = "<group>"; };
		F556E4BC209D02730088591D /* Info.plist */ = {isa = PBXFileReference; lastKnownFileType = text.plist.xml; path = Info.plist; sourceTree = "<group>"; };
		F556E4C2209D02CD0088591D /* DwarfTableViewController.swift */ = {isa = PBXFileReference; lastKnownFileType = sourcecode.swift; path = DwarfTableViewController.swift; sourceTree = "<group>"; };
		F556E4C6209D03130088591D /* Dwarves.swift */ = {isa = PBXFileReference; lastKnownFileType = sourcecode.swift; path = Dwarves.swift; sourceTree = "<group>"; };
/* End PBXFileReference section */

/* Begin PBXFrameworksBuildPhase section */
		F556E4AA209D02730088591D /* Frameworks */ = {
			isa = PBXFrameworksBuildPhase;
			buildActionMask = 2147483647;
			files = (
			);
			runOnlyForDeploymentPostprocessing = 0;
		};
/* End PBXFrameworksBuildPhase section */

/* Begin PBXGroup section */
		F556E4A4209D02730088591D = {
			isa = PBXGroup;
			children = (
				F556E4AF209D02730088591D /* Dwarves */,
				F556E4AE209D02730088591D /* Products */,
			);
			sourceTree = "<group>";
		};
		F556E4AE209D02730088591D /* Products */ = {
			isa = PBXGroup;
			children = (
				F556E4AD209D02730088591D /* Dwarves.app */,
			);
			name = Products;
			sourceTree = "<group>";
		};
		F556E4AF209D02730088591D /* Dwarves */ = {
			isa = PBXGroup;
			children = (
				F556E4B0209D02730088591D /* AppDelegate.swift */,
				F556E4C2209D02CD0088591D /* DwarfTableViewController.swift */,
				F556E4C6209D03130088591D /* Dwarves.swift */,
				F556E4B4209D02730088591D /* Main.storyboard */,
				F556E4B7209D02730088591D /* Assets.xcassets */,
				F556E4B9209D02730088591D /* LaunchScreen.storyboard */,
				F556E4BC209D02730088591D /* Info.plist */,
			);
			path = Dwarves;
			sourceTree = "<group>";
		};
/* End PBXGroup section */

/* Begin PBXNativeTarget section */
		F556E4AC209D02730088591D /* Dwarves */ = {
			isa = PBXNativeTarget;
			buildConfigurationList = F556E4BF209D02730088591D /* Build configuration list for PBXNativeTarget "Dwarves" */;
			buildPhases = (
				F556E4A9209D02730088591D /* Sources */,
				F556E4AA209D02730088591D /* Frameworks */,
				F556E4AB209D02730088591D /* Resources */,
			);
			buildRules = (
			);
			dependencies = (
			);
			name = Dwarves;
			productName = Dwarves;
			productReference = F556E4AD209D02730088591D /* Dwarves.app */;
			productType = "com.apple.product-type.application";
		};
/* End PBXNativeTarget section */

/* Begin PBXProject section */
		F556E4A5209D02730088591D /* Project object */ = {
			isa = PBXProject;
			attributes = {
				LastSwiftUpdateCheck = 0920;
				LastUpgradeCheck = 0940;
				ORGANIZATIONNAME = "Max Luttrell";
				TargetAttributes = {
					F556E4AC209D02730088591D = {
						CreatedOnToolsVersion = 9.2;
						ProvisioningStyle = Automatic;
					};
				};
			};
			buildConfigurationList = F556E4A8209D02730088591D /* Build configuration list for PBXProject "Dwarves" */;
			compatibilityVersion = "Xcode 8.0";
			developmentRegion = en;
			hasScannedForEncodings = 0;
			knownRegions = (
				en,
				Base,
			);
			mainGroup = F556E4A4209D02730088591D;
			productRefGroup = F556E4AE209D02730088591D /* Products */;
			projectDirPath = "";
			projectRoot = "";
			targets = (
				F556E4AC209D02730088591D /* Dwarves */,
			);
		};
/* End PBXProject section */

/* Begin PBXResourcesBuildPhase section */
		F556E4AB209D02730088591D /* Resources */ = {
			isa = PBXResourcesBuildPhase;
			buildActionMask = 2147483647;
			files = (
				F556E4BB209D02730088591D /* LaunchScreen.storyboard in Resources */,
				F556E4B8209D02730088591D /* Assets.xcassets in Resources */,
				F556E4B6209D02730088591D /* Main.storyboard in Resources */,
			);
			runOnlyForDeploymentPostprocessing = 0;
		};
/* End PBXResourcesBuildPhase section */

/* Begin PBXSourcesBuildPhase section */
		F556E4A9209D02730088591D /* Sources */ = {
			isa = PBXSourcesBuildPhase;
			buildActionMask = 2147483647;
			files = (
				F556E4C7209D03130088591D /* Dwarves.swift in Sources */,
				F556E4C3209D02CD0088591D /* DwarfTableViewController.swift in Sources */,
				F556E4B1209D02730088591D /* AppDelegate.swift in Sources */,
			);
			runOnlyForDeploymentPostprocessing = 0;
		};
/* End PBXSourcesBuildPhase section */

/* Begin PBXVariantGroup section */
		F556E4B4209D02730088591D /* Main.storyboard */ = {
			isa = PBXVariantGroup;
			children = (
				F556E4B5209D02730088591D /* Base */,
			);
			name = Main.storyboard;
			sourceTree = "<group>";
		};
		F556E4B9209D02730088591D /* LaunchScreen.storyboard */ = {
			isa = PBXVariantGroup;
			children = (
				F556E4BA209D02730088591D /* Base */,
			);
			name = LaunchScreen.storyboard;
			sourceTree = "<group>";
		};
/* End PBXVariantGroup section */

/* Begin XCBuildConfiguration section */
		F556E4BD209D02730088591D /* Debug */ = {
			isa = XCBuildConfiguration;
			buildSettings = {
				ALWAYS_SEARCH_USER_PATHS = NO;
				CLANG_ANALYZER_NONNULL = YES;
				CLANG_ANALYZER_NUMBER_OBJECT_CONVERSION = YES_AGGRESSIVE;
				CLANG_CXX_LANGUAGE_STANDARD = "gnu++14";
				CLANG_CXX_LIBRARY = "libc++";
				CLANG_ENABLE_MODULES = YES;
				CLANG_ENABLE_OBJC_ARC = YES;
				CLANG_WARN_BLOCK_CAPTURE_AUTORELEASING = YES;
				CLANG_WARN_BOOL_CONVERSION = YES;
				CLANG_WARN_COMMA = YES;
				CLANG_WARN_CONSTANT_CONVERSION = YES;
				CLANG_WARN_DEPRECATED_OBJC_IMPLEMENTATIONS = YES;
				CLANG_WARN_DIRECT_OBJC_ISA_USAGE = YES_ERROR;
				CLANG_WARN_DOCUMENTATION_COMMENTS = YES;
				CLANG_WARN_EMPTY_BODY = YES;
				CLANG_WARN_ENUM_CONVERSION = YES;
				CLANG_WARN_INFINITE_RECURSION = YES;
				CLANG_WARN_INT_CONVERSION = YES;
				CLANG_WARN_NON_LITERAL_NULL_CONVERSION = YES;
				CLANG_WARN_OBJC_IMPLICIT_RETAIN_SELF = YES;
				CLANG_WARN_OBJC_LITERAL_CONVERSION = YES;
				CLANG_WARN_OBJC_ROOT_CLASS = YES_ERROR;
				CLANG_WARN_RANGE_LOOP_ANALYSIS = YES;
				CLANG_WARN_STRICT_PROTOTYPES = YES;
				CLANG_WARN_SUSPICIOUS_MOVE = YES;
				CLANG_WARN_UNGUARDED_AVAILABILITY = YES_AGGRESSIVE;
				CLANG_WARN_UNREACHABLE_CODE = YES;
				CLANG_WARN__DUPLICATE_METHOD_MATCH = YES;
				CODE_SIGN_IDENTITY = "iPhone Developer";
				COPY_PHASE_STRIP = NO;
				DEBUG_INFORMATION_FORMAT = dwarf;
				ENABLE_STRICT_OBJC_MSGSEND = YES;
				ENABLE_TESTABILITY = YES;
				GCC_C_LANGUAGE_STANDARD = gnu11;
				GCC_DYNAMIC_NO_PIC = NO;
				GCC_NO_COMMON_BLOCKS = YES;
				GCC_OPTIMIZATION_LEVEL = 0;
				GCC_PREPROCESSOR_DEFINITIONS = (
					"DEBUG=1",
					"$(inherited)",
				);
				GCC_WARN_64_TO_32_BIT_CONVERSION = YES;
				GCC_WARN_ABOUT_RETURN_TYPE = YES_ERROR;
				GCC_WARN_UNDECLARED_SELECTOR = YES;
				GCC_WARN_UNINITIALIZED_AUTOS = YES_AGGRESSIVE;
				GCC_WARN_UNUSED_FUNCTION = YES;
				GCC_WARN_UNUSED_VARIABLE = YES;
				IPHONEOS_DEPLOYMENT_TARGET = 11.2;
				MTL_ENABLE_DEBUG_INFO = YES;
				ONLY_ACTIVE_ARCH = YES;
				SDKROOT = iphoneos;
				SWIFT_ACTIVE_COMPILATION_CONDITIONS = DEBUG;
				SWIFT_OPTIMIZATION_LEVEL = "-Onone";
			};
			name = Debug;
		};
		F556E4BE209D02730088591D /* Release */ = {
			isa = XCBuildConfiguration;
			buildSettings = {
				ALWAYS_SEARCH_USER_PATHS = NO;
				CLANG_ANALYZER_NONNULL = YES;
				CLANG_ANALYZER_NUMBER_OBJECT_CONVERSION = YES_AGGRESSIVE;
				CLANG_CXX_LANGUAGE_STANDARD = "gnu++14";
				CLANG_CXX_LIBRARY = "libc++";
				CLANG_ENABLE_MODULES = YES;
				CLANG_ENABLE_OBJC_ARC = YES;
				CLANG_WARN_BLOCK_CAPTURE_AUTORELEASING = YES;
				CLANG_WARN_BOOL_CONVERSION = YES;
				CLANG_WARN_COMMA = YES;
				CLANG_WARN_CONSTANT_CONVERSION = YES;
				CLANG_WARN_DEPRECATED_OBJC_IMPLEMENTATIONS = YES;
				CLANG_WARN_DIRECT_OBJC_ISA_USAGE = YES_ERROR;
				CLANG_WARN_DOCUMENTATION_COMMENTS = YES;
				CLANG_WARN_EMPTY_BODY = YES;
				CLANG_WARN_ENUM_CONVERSION = YES;
				CLANG_WARN_INFINITE_RECURSION = YES;
				CLANG_WARN_INT_CONVERSION = YES;
				CLANG_WARN_NON_LITERAL_NULL_CONVERSION = YES;
				CLANG_WARN_OBJC_IMPLICIT_RETAIN_SELF = YES;
				CLANG_WARN_OBJC_LITERAL_CONVERSION = YES;
				CLANG_WARN_OBJC_ROOT_CLASS = YES_ERROR;
				CLANG_WARN_RANGE_LOOP_ANALYSIS = YES;
				CLANG_WARN_STRICT_PROTOTYPES = YES;
				CLANG_WARN_SUSPICIOUS_MOVE = YES;
				CLANG_WARN_UNGUARDED_AVAILABILITY = YES_AGGRESSIVE;
				CLANG_WARN_UNREACHABLE_CODE = YES;
				CLANG_WARN__DUPLICATE_METHOD_MATCH = YES;
				CODE_SIGN_IDENTITY = "iPhone Developer";
				COPY_PHASE_STRIP = NO;
				DEBUG_INFORMATION_FORMAT = "dwarf-with-dsym";
				ENABLE_NS_ASSERTIONS = NO;
				ENABLE_STRICT_OBJC_MSGSEND = YES;
				GCC_C_LANGUAGE_STANDARD = gnu11;
				GCC_NO_COMMON_BLOCKS = YES;
				GCC_WARN_64_TO_32_BIT_CONVERSION = YES;
				GCC_WARN_ABOUT_RETURN_TYPE = YES_ERROR;
				GCC_WARN_UNDECLARED_SELECTOR = YES;
				GCC_WARN_UNINITIALIZED_AUTOS = YES_AGGRESSIVE;
				GCC_WARN_UNUSED_FUNCTION = YES;
				GCC_WARN_UNUSED_VARIABLE = YES;
				IPHONEOS_DEPLOYMENT_TARGET = 11.2;
				MTL_ENABLE_DEBUG_INFO = NO;
				SDKROOT = iphoneos;
				SWIFT_OPTIMIZATION_LEVEL = "-Owholemodule";
				VALIDATE_PRODUCT = YES;
			};
			name = Release;
		};
		F556E4C0209D02730088591D /* Debug */ = {
			isa = XCBuildConfiguration;
			buildSettings = {
				ASSETCATALOG_COMPILER_APPICON_NAME = AppIcon;
				CODE_SIGN_STYLE = Automatic;
				INFOPLIST_FILE = Dwarves/Info.plist;
				LD_RUNPATH_SEARCH_PATHS = "$(inherited) @executable_path/Frameworks";
				PRODUCT_BUNDLE_IDENTIFIER = com.example.Dwarves;
				PRODUCT_NAME = "$(TARGET_NAME)";
				SWIFT_VERSION = 4.0;
				TARGETED_DEVICE_FAMILY = "1,2";
			};
			name = Debug;
		};
		F556E4C1209D02730088591D /* Release */ = {
			isa = XCBuildConfiguration;
			buildSettings = {
				ASSETCATALOG_COMPILER_APPICON_NAME = AppIcon;
				CODE_SIGN_STYLE = Automatic;
				INFOPLIST_FILE = Dwarves/Info.plist;
				LD_RUNPATH_SEARCH_PATHS = "$(inherited) @executable_path/Frameworks";
				PRODUCT_BUNDLE_IDENTIFIER = com.example.Dwarves;
				PRODUCT_NAME = "$(TARGET_NAME)";
				SWIFT_VERSION = 4.0;
				TARGETED_DEVICE_FAMILY = "1,2";
			};
			name = Release;
		};
/* End XCBuildConfiguration section */

/* Begin XCConfigurationList section */
		F556E4A8209D02730088591D /* Build configuration list for PBXProject "Dwarves" */ = {
			isa = XCConfigurationList;
			buildConfigurations = (
				F556E4BD209D02730088591D /* Debug */,
				F556E4BE209D02730088591D /* Release */,
			);
			defaultConfigurationIsVisible = 0;
			defaultConfigurationName = Release;
		};
		F556E4BF209D02730088591D /* Build configuration list for PBXNativeTarget "Dwarves" */ = {
			isa = XCConfigurationList;
			buildConfigurations = (
				F556E4C0209D02730088591D /* Debug */,
				F556E4C1209D02730088591D /* Release */,
			);
			defaultConfigurationIsVisible = 0;
			defaultConfigurationName = Release;
		};
/* End XCConfigurationList section */
	};
	rootObject = F556E4A5209D02730088591D /* Project object */;
}
