// !$*UTF8*$!
{
	archiveVersion = 1;
	classes = {
	};
	objectVersion = 50;
	objects = {

/* Begin PBXBuildFile section */
		F5438AB32177B73C006829EB /* AppDelegate.swift in Sources */ = {isa = PBXBuildFile; fileRef = F5438AB22177B73C006829EB /* AppDelegate.swift */; };
		F5438AB82177B73C006829EB /* Main.storyboard in Resources */ = {isa = PBXBuildFile; fileRef = F5438AB62177B73C006829EB /* Main.storyboard */; };
		F5438ABA2177B73F006829EB /* Assets.xcassets in Resources */ = {isa = PBXBuildFile; fileRef = F5438AB92177B73F006829EB /* Assets.xcassets */; };
		F5438ABD2177B73F006829EB /* LaunchScreen.storyboard in Resources */ = {isa = PBXBuildFile; fileRef = F5438ABB2177B73F006829EB /* LaunchScreen.storyboard */; };
		F5438AC52177B9F8006829EB /* Player.swift in Sources */ = {isa = PBXBuildFile; fileRef = F5438AC42177B9F8006829EB /* Player.swift */; };
		F5438AC72177BB5E006829EB /* BaseballViewController.swift in Sources */ = {isa = PBXBuildFile; fileRef = F5438AC62177BB5E006829EB /* BaseballViewController.swift */; };
		F5438AC92177BD80006829EB /* AddPlayersViewController.swift in Sources */ = {isa = PBXBuildFile; fileRef = F5438AC82177BD80006829EB /* AddPlayersViewController.swift */; };
/* End PBXBuildFile section */

/* Begin PBXFileReference section */
		F5438AAF2177B73C006829EB /* players.app */ = {isa = PBXFileReference; explicitFileType = wrapper.application; includeInIndex = 0; path = players.app; sourceTree = BUILT_PRODUCTS_DIR; };
		F5438AB22177B73C006829EB /* AppDelegate.swift */ = {isa = PBXFileReference; lastKnownFileType = sourcecode.swift; path = AppDelegate.swift; sourceTree = "<group>"; };
		F5438AB72177B73C006829EB /* Base */ = {isa = PBXFileReference; lastKnownFileType = file.storyboard; name = Base; path = Base.lproj/Main.storyboard; sourceTree = "<group>"; };
		F5438AB92177B73F006829EB /* Assets.xcassets */ = {isa = PBXFileReference; lastKnownFileType = folder.assetcatalog; path = Assets.xcassets; sourceTree = "<group>"; };
		F5438ABC2177B73F006829EB /* Base */ = {isa = PBXFileReference; lastKnownFileType = file.storyboard; name = Base; path = Base.lproj/LaunchScreen.storyboard; sourceTree = "<group>"; };
		F5438ABE2177B73F006829EB /* Info.plist */ = {isa = PBXFileReference; lastKnownFileType = text.plist.xml; path = Info.plist; sourceTree = "<group>"; };
		F5438AC42177B9F8006829EB /* Player.swift */ = {isa = PBXFileReference; lastKnownFileType = sourcecode.swift; path = Player.swift; sourceTree = "<group>"; };
		F5438AC62177BB5E006829EB /* BaseballViewController.swift */ = {isa = PBXFileReference; lastKnownFileType = sourcecode.swift; path = BaseballViewController.swift; sourceTree = "<group>"; };
		F5438AC82177BD80006829EB /* AddPlayersViewController.swift */ = {isa = PBXFileReference; lastKnownFileType = sourcecode.swift; path = AddPlayersViewController.swift; sourceTree = "<group>"; };
/* End PBXFileReference section */

/* Begin PBXFrameworksBuildPhase section */
		F5438AAC2177B73C006829EB /* Frameworks */ = {
			isa = PBXFrameworksBuildPhase;
			buildActionMask = 2147483647;
			files = (
			);
			runOnlyForDeploymentPostprocessing = 0;
		};
/* End PBXFrameworksBuildPhase section */

/* Begin PBXGroup section */
		F5438AA62177B73C006829EB = {
			isa = PBXGroup;
			children = (
				F5438AC42177B9F8006829EB /* Player.swift */,
				F5438AB12177B73C006829EB /* players */,
				F5438AB02177B73C006829EB /* Products */,
			);
			sourceTree = "<group>";
		};
		F5438AB02177B73C006829EB /* Products */ = {
			isa = PBXGroup;
			children = (
				F5438AAF2177B73C006829EB /* players.app */,
			);
			name = Products;
			sourceTree = "<group>";
		};
		F5438AB12177B73C006829EB /* players */ = {
			isa = PBXGroup;
			children = (
				F5438AB22177B73C006829EB /* AppDelegate.swift */,
				F5438AB62177B73C006829EB /* Main.storyboard */,
				F5438AC82177BD80006829EB /* AddPlayersViewController.swift */,
				F5438AC62177BB5E006829EB /* BaseballViewController.swift */,
				F5438AB92177B73F006829EB /* Assets.xcassets */,
				F5438ABB2177B73F006829EB /* LaunchScreen.storyboard */,
				F5438ABE2177B73F006829EB /* Info.plist */,
			);
			path = players;
			sourceTree = "<group>";
		};
/* End PBXGroup section */

/* Begin PBXNativeTarget section */
		F5438AAE2177B73C006829EB /* players */ = {
			isa = PBXNativeTarget;
			buildConfigurationList = F5438AC12177B73F006829EB /* Build configuration list for PBXNativeTarget "players" */;
			buildPhases = (
				F5438AAB2177B73C006829EB /* Sources */,
				F5438AAC2177B73C006829EB /* Frameworks */,
				F5438AAD2177B73C006829EB /* Resources */,
			);
			buildRules = (
			);
			dependencies = (
			);
			name = players;
			productName = players;
			productReference = F5438AAF2177B73C006829EB /* players.app */;
			productType = "com.apple.product-type.application";
		};
/* End PBXNativeTarget section */

/* Begin PBXProject section */
		F5438AA72177B73C006829EB /* Project object */ = {
			isa = PBXProject;
			attributes = {
				LastSwiftUpdateCheck = 0940;
				LastUpgradeCheck = 0940;
				ORGANIZATIONNAME = "Max Luttrell";
				TargetAttributes = {
					F5438AAE2177B73C006829EB = {
						CreatedOnToolsVersion = 9.4.1;
					};
				};
			};
			buildConfigurationList = F5438AAA2177B73C006829EB /* Build configuration list for PBXProject "players" */;
			compatibilityVersion = "Xcode 9.3";
			developmentRegion = en;
			hasScannedForEncodings = 0;
			knownRegions = (
				en,
				Base,
			);
			mainGroup = F5438AA62177B73C006829EB;
			productRefGroup = F5438AB02177B73C006829EB /* Products */;
			projectDirPath = "";
			projectRoot = "";
			targets = (
				F5438AAE2177B73C006829EB /* players */,
			);
		};
/* End PBXProject section */

/* Begin PBXResourcesBuildPhase section */
		F5438AAD2177B73C006829EB /* Resources */ = {
			isa = PBXResourcesBuildPhase;
			buildActionMask = 2147483647;
			files = (
				F5438ABD2177B73F006829EB /* LaunchScreen.storyboard in Resources */,
				F5438ABA2177B73F006829EB /* Assets.xcassets in Resources */,
				F5438AB82177B73C006829EB /* Main.storyboard in Resources */,
			);
			runOnlyForDeploymentPostprocessing = 0;
		};
/* End PBXResourcesBuildPhase section */

/* Begin PBXSourcesBuildPhase section */
		F5438AAB2177B73C006829EB /* Sources */ = {
			isa = PBXSourcesBuildPhase;
			buildActionMask = 2147483647;
			files = (
				F5438AC72177BB5E006829EB /* BaseballViewController.swift in Sources */,
				F5438AC92177BD80006829EB /* AddPlayersViewController.swift in Sources */,
				F5438AC52177B9F8006829EB /* Player.swift in Sources */,
				F5438AB32177B73C006829EB /* AppDelegate.swift in Sources */,
			);
			runOnlyForDeploymentPostprocessing = 0;
		};
/* End PBXSourcesBuildPhase section */

/* Begin PBXVariantGroup section */
		F5438AB62177B73C006829EB /* Main.storyboard */ = {
			isa = PBXVariantGroup;
			children = (
				F5438AB72177B73C006829EB /* Base */,
			);
			name = Main.storyboard;
			sourceTree = "<group>";
		};
		F5438ABB2177B73F006829EB /* LaunchScreen.storyboard */ = {
			isa = PBXVariantGroup;
			children = (
				F5438ABC2177B73F006829EB /* Base */,
			);
			name = LaunchScreen.storyboard;
			sourceTree = "<group>";
		};
/* End PBXVariantGroup section */

/* Begin XCBuildConfiguration section */
		F5438ABF2177B73F006829EB /* Debug */ = {
			isa = XCBuildConfiguration;
			buildSettings = {
				ALWAYS_SEARCH_USER_PATHS = NO;
				CLANG_ANALYZER_NONNULL = YES;
				CLANG_ANALYZER_NUMBER_OBJECT_CONVERSION = YES_AGGRESSIVE;
				CLANG_CXX_LANGUAGE_STANDARD = "gnu++14";
				CLANG_CXX_LIBRARY = "libc++";
				CLANG_ENABLE_MODULES = YES;
				CLANG_ENABLE_OBJC_ARC = YES;
				CLANG_ENABLE_OBJC_WEAK = YES;
				CLANG_WARN_BLOCK_CAPTURE_AUTORELEASING = YES;
				CLANG_WARN_BOOL_CONVERSION = YES;
				CLANG_WARN_COMMA = YES;
				CLANG_WARN_CONSTANT_CONVERSION = YES;
				CLANG_WARN_DEPRECATED_OBJC_IMPLEMENTATIONS = YES;
				CLANG_WARN_DIRECT_OBJC_ISA_USAGE = YES_ERROR;
				CLANG_WARN_DOCUMENTATION_COMMENTS = YES;
				CLANG_WARN_EMPTY_BODY = YES;
				CLANG_WARN_ENUM_CONVERSION = YES;
				CLANG_WARN_INFINITE_RECURSION = YES;
				CLANG_WARN_INT_CONVERSION = YES;
				CLANG_WARN_NON_LITERAL_NULL_CONVERSION = YES;
				CLANG_WARN_OBJC_IMPLICIT_RETAIN_SELF = YES;
				CLANG_WARN_OBJC_LITERAL_CONVERSION = YES;
				CLANG_WARN_OBJC_ROOT_CLASS = YES_ERROR;
				CLANG_WARN_RANGE_LOOP_ANALYSIS = YES;
				CLANG_WARN_STRICT_PROTOTYPES = YES;
				CLANG_WARN_SUSPICIOUS_MOVE = YES;
				CLANG_WARN_UNGUARDED_AVAILABILITY = YES_AGGRESSIVE;
				CLANG_WARN_UNREACHABLE_CODE = YES;
				CLANG_WARN__DUPLICATE_METHOD_MATCH = YES;
				CODE_SIGN_IDENTITY = "iPhone Developer";
				COPY_PHASE_STRIP = NO;
				DEBUG_INFORMATION_FORMAT = dwarf;
				ENABLE_STRICT_OBJC_MSGSEND = YES;
				ENABLE_TESTABILITY = YES;
				GCC_C_LANGUAGE_STANDARD = gnu11;
				GCC_DYNAMIC_NO_PIC = NO;
				GCC_NO_COMMON_BLOCKS = YES;
				GCC_OPTIMIZATION_LEVEL = 0;
				GCC_PREPROCESSOR_DEFINITIONS = (
					"DEBUG=1",
					"$(inherited)",
				);
				GCC_WARN_64_TO_32_BIT_CONVERSION = YES;
				GCC_WARN_ABOUT_RETURN_TYPE = YES_ERROR;
				GCC_WARN_UNDECLARED_SELECTOR = YES;
				GCC_WARN_UNINITIALIZED_AUTOS = YES_AGGRESSIVE;
				GCC_WARN_UNUSED_FUNCTION = YES;
				GCC_WARN_UNUSED_VARIABLE = YES;
				IPHONEOS_DEPLOYMENT_TARGET = 11.4;
				MTL_ENABLE_DEBUG_INFO = YES;
				ONLY_ACTIVE_ARCH = YES;
				SDKROOT = iphoneos;
				SWIFT_ACTIVE_COMPILATION_CONDITIONS = DEBUG;
				SWIFT_OPTIMIZATION_LEVEL = "-Onone";
			};
			name = Debug;
		};
		F5438AC02177B73F006829EB /* Release */ = {
			isa = XCBuildConfiguration;
			buildSettings = {
				ALWAYS_SEARCH_USER_PATHS = NO;
				CLANG_ANALYZER_NONNULL = YES;
				CLANG_ANALYZER_NUMBER_OBJECT_CONVERSION = YES_AGGRESSIVE;
				CLANG_CXX_LANGUAGE_STANDARD = "gnu++14";
				CLANG_CXX_LIBRARY = "libc++";
				CLANG_ENABLE_MODULES = YES;
				CLANG_ENABLE_OBJC_ARC = YES;
				CLANG_ENABLE_OBJC_WEAK = YES;
				CLANG_WARN_BLOCK_CAPTURE_AUTORELEASING = YES;
				CLANG_WARN_BOOL_CONVERSION = YES;
				CLANG_WARN_COMMA = YES;
				CLANG_WARN_CONSTANT_CONVERSION = YES;
				CLANG_WARN_DEPRECATED_OBJC_IMPLEMENTATIONS = YES;
				CLANG_WARN_DIRECT_OBJC_ISA_USAGE = YES_ERROR;
				CLANG_WARN_DOCUMENTATION_COMMENTS = YES;
				CLANG_WARN_EMPTY_BODY = YES;
				CLANG_WARN_ENUM_CONVERSION = YES;
				CLANG_WARN_INFINITE_RECURSION = YES;
				CLANG_WARN_INT_CONVERSION = YES;
				CLANG_WARN_NON_LITERAL_NULL_CONVERSION = YES;
				CLANG_WARN_OBJC_IMPLICIT_RETAIN_SELF = YES;
				CLANG_WARN_OBJC_LITERAL_CONVERSION = YES;
				CLANG_WARN_OBJC_ROOT_CLASS = YES_ERROR;
				CLANG_WARN_RANGE_LOOP_ANALYSIS = YES;
				CLANG_WARN_STRICT_PROTOTYPES = YES;
				CLANG_WARN_SUSPICIOUS_MOVE = YES;
				CLANG_WARN_UNGUARDED_AVAILABILITY = YES_AGGRESSIVE;
				CLANG_WARN_UNREACHABLE_CODE = YES;
				CLANG_WARN__DUPLICATE_METHOD_MATCH = YES;
				CODE_SIGN_IDENTITY = "iPhone Developer";
				COPY_PHASE_STRIP = NO;
				DEBUG_INFORMATION_FORMAT = "dwarf-with-dsym";
				ENABLE_NS_ASSERTIONS = NO;
				ENABLE_STRICT_OBJC_MSGSEND = YES;
				GCC_C_LANGUAGE_STANDARD = gnu11;
				GCC_NO_COMMON_BLOCKS = YES;
				GCC_WARN_64_TO_32_BIT_CONVERSION = YES;
				GCC_WARN_ABOUT_RETURN_TYPE = YES_ERROR;
				GCC_WARN_UNDECLARED_SELECTOR = YES;
				GCC_WARN_UNINITIALIZED_AUTOS = YES_AGGRESSIVE;
				GCC_WARN_UNUSED_FUNCTION = YES;
				GCC_WARN_UNUSED_VARIABLE = YES;
				IPHONEOS_DEPLOYMENT_TARGET = 11.4;
				MTL_ENABLE_DEBUG_INFO = NO;
				SDKROOT = iphoneos;
				SWIFT_COMPILATION_MODE = wholemodule;
				SWIFT_OPTIMIZATION_LEVEL = "-O";
				VALIDATE_PRODUCT = YES;
			};
			name = Release;
		};
		F5438AC22177B73F006829EB /* Debug */ = {
			isa = XCBuildConfiguration;
			buildSettings = {
				ASSETCATALOG_COMPILER_APPICON_NAME = AppIcon;
				CODE_SIGN_STYLE = Automatic;
				INFOPLIST_FILE = players/Info.plist;
				LD_RUNPATH_SEARCH_PATHS = (
					"$(inherited)",
					"@executable_path/Frameworks",
				);
				PRODUCT_BUNDLE_IDENTIFIER = com.example.players;
				PRODUCT_NAME = "$(TARGET_NAME)";
				SWIFT_VERSION = 4.0;
				TARGETED_DEVICE_FAMILY = "1,2";
			};
			name = Debug;
		};
		F5438AC32177B73F006829EB /* Release */ = {
			isa = XCBuildConfiguration;
			buildSettings = {
				ASSETCATALOG_COMPILER_APPICON_NAME = AppIcon;
				CODE_SIGN_STYLE = Automatic;
				INFOPLIST_FILE = players/Info.plist;
				LD_RUNPATH_SEARCH_PATHS = (
					"$(inherited)",
					"@executable_path/Frameworks",
				);
				PRODUCT_BUNDLE_IDENTIFIER = com.example.players;
				PRODUCT_NAME = "$(TARGET_NAME)";
				SWIFT_VERSION = 4.0;
				TARGETED_DEVICE_FAMILY = "1,2";
			};
			name = Release;
		};
/* End XCBuildConfiguration section */

/* Begin XCConfigurationList section */
		F5438AAA2177B73C006829EB /* Build configuration list for PBXProject "players" */ = {
			isa = XCConfigurationList;
			buildConfigurations = (
				F5438ABF2177B73F006829EB /* Debug */,
				F5438AC02177B73F006829EB /* Release */,
			);
			defaultConfigurationIsVisible = 0;
			defaultConfigurationName = Release;
		};
		F5438AC12177B73F006829EB /* Build configuration list for PBXNativeTarget "players" */ = {
			isa = XCConfigurationList;
			buildConfigurations = (
				F5438AC22177B73F006829EB /* Debug */,
				F5438AC32177B73F006829EB /* Release */,
			);
			defaultConfigurationIsVisible = 0;
			defaultConfigurationName = Release;
		};
/* End XCConfigurationList section */
	};
	rootObject = F5438AA72177B73C006829EB /* Project object */;
}
