// !$*UTF8*$!
{
	archiveVersion = 1;
	classes = {
	};
	objectVersion = 50;
	objects = {

/* Begin PBXBuildFile section */
		F5CA6FA9216E7A9600A8387E /* AppDelegate.swift in Sources */ = {isa = PBXBuildFile; fileRef = F5CA6FA8216E7A9600A8387E /* AppDelegate.swift */; };
		F5CA6FAB216E7A9600A8387E /* ViewController.swift in Sources */ = {isa = PBXBuildFile; fileRef = F5CA6FAA216E7A9600A8387E /* ViewController.swift */; };
		F5CA6FAE216E7A9600A8387E /* Main.storyboard in Resources */ = {isa = PBXBuildFile; fileRef = F5CA6FAC216E7A9600A8387E /* Main.storyboard */; };
		F5CA6FB0216E7A9900A8387E /* Assets.xcassets in Resources */ = {isa = PBXBuildFile; fileRef = F5CA6FAF216E7A9900A8387E /* Assets.xcassets */; };
		F5CA6FB3216E7A9900A8387E /* LaunchScreen.storyboard in Resources */ = {isa = PBXBuildFile; fileRef = F5CA6FB1216E7A9900A8387E /* LaunchScreen.storyboard */; };
		F5CA6FBB216E813A00A8387E /* LobbyViewController.swift in Sources */ = {isa = PBXBuildFile; fileRef = F5CA6FBA216E813A00A8387E /* LobbyViewController.swift */; };
/* End PBXBuildFile section */

/* Begin PBXFileReference section */
		F5CA6FA5216E7A9500A8387E /* theaterNavController.app */ = {isa = PBXFileReference; explicitFileType = wrapper.application; includeInIndex = 0; path = theaterNavController.app; sourceTree = BUILT_PRODUCTS_DIR; };
		F5CA6FA8216E7A9600A8387E /* AppDelegate.swift */ = {isa = PBXFileReference; lastKnownFileType = sourcecode.swift; path = AppDelegate.swift; sourceTree = "<group>"; };
		F5CA6FAA216E7A9600A8387E /* ViewController.swift */ = {isa = PBXFileReference; lastKnownFileType = sourcecode.swift; path = ViewController.swift; sourceTree = "<group>"; };
		F5CA6FAD216E7A9600A8387E /* Base */ = {isa = PBXFileReference; lastKnownFileType = file.storyboard; name = Base; path = Base.lproj/Main.storyboard; sourceTree = "<group>"; };
		F5CA6FAF216E7A9900A8387E /* Assets.xcassets */ = {isa = PBXFileReference; lastKnownFileType = folder.assetcatalog; path = Assets.xcassets; sourceTree = "<group>"; };
		F5CA6FB2216E7A9900A8387E /* Base */ = {isa = PBXFileReference; lastKnownFileType = file.storyboard; name = Base; path = Base.lproj/LaunchScreen.storyboard; sourceTree = "<group>"; };
		F5CA6FB4216E7A9900A8387E /* Info.plist */ = {isa = PBXFileReference; lastKnownFileType = text.plist.xml; path = Info.plist; sourceTree = "<group>"; };
		F5CA6FBA216E813A00A8387E /* LobbyViewController.swift */ = {isa = PBXFileReference; lastKnownFileType = sourcecode.swift; path = LobbyViewController.swift; sourceTree = "<group>"; };
/* End PBXFileReference section */

/* Begin PBXFrameworksBuildPhase section */
		F5CA6FA2216E7A9500A8387E /* Frameworks */ = {
			isa = PBXFrameworksBuildPhase;
			buildActionMask = 2147483647;
			files = (
			);
			runOnlyForDeploymentPostprocessing = 0;
		};
/* End PBXFrameworksBuildPhase section */

/* Begin PBXGroup section */
		F5CA6F9C216E7A9500A8387E = {
			isa = PBXGroup;
			children = (
				F5CA6FA7216E7A9500A8387E /* theaterNavController */,
				F5CA6FA6216E7A9500A8387E /* Products */,
			);
			sourceTree = "<group>";
		};
		F5CA6FA6216E7A9500A8387E /* Products */ = {
			isa = PBXGroup;
			children = (
				F5CA6FA5216E7A9500A8387E /* theaterNavController.app */,
			);
			name = Products;
			sourceTree = "<group>";
		};
		F5CA6FA7216E7A9500A8387E /* theaterNavController */ = {
			isa = PBXGroup;
			children = (
				F5CA6FA8216E7A9600A8387E /* AppDelegate.swift */,
				F5CA6FAA216E7A9600A8387E /* ViewController.swift */,
				F5CA6FAC216E7A9600A8387E /* Main.storyboard */,
				F5CA6FBA216E813A00A8387E /* LobbyViewController.swift */,
				F5CA6FAF216E7A9900A8387E /* Assets.xcassets */,
				F5CA6FB1216E7A9900A8387E /* LaunchScreen.storyboard */,
				F5CA6FB4216E7A9900A8387E /* Info.plist */,
			);
			path = theaterNavController;
			sourceTree = "<group>";
		};
/* End PBXGroup section */

/* Begin PBXNativeTarget section */
		F5CA6FA4216E7A9500A8387E /* theaterNavController */ = {
			isa = PBXNativeTarget;
			buildConfigurationList = F5CA6FB7216E7A9900A8387E /* Build configuration list for PBXNativeTarget "theaterNavController" */;
			buildPhases = (
				F5CA6FA1216E7A9500A8387E /* Sources */,
				F5CA6FA2216E7A9500A8387E /* Frameworks */,
				F5CA6FA3216E7A9500A8387E /* Resources */,
			);
			buildRules = (
			);
			dependencies = (
			);
			name = theaterNavController;
			productName = theaterNavController;
			productReference = F5CA6FA5216E7A9500A8387E /* theaterNavController.app */;
			productType = "com.apple.product-type.application";
		};
/* End PBXNativeTarget section */

/* Begin PBXProject section */
		F5CA6F9D216E7A9500A8387E /* Project object */ = {
			isa = PBXProject;
			attributes = {
				LastSwiftUpdateCheck = 0940;
				LastUpgradeCheck = 0940;
				ORGANIZATIONNAME = "Max Luttrell";
				TargetAttributes = {
					F5CA6FA4216E7A9500A8387E = {
						CreatedOnToolsVersion = 9.4.1;
					};
				};
			};
			buildConfigurationList = F5CA6FA0216E7A9500A8387E /* Build configuration list for PBXProject "theaterNavController" */;
			compatibilityVersion = "Xcode 9.3";
			developmentRegion = en;
			hasScannedForEncodings = 0;
			knownRegions = (
				en,
				Base,
			);
			mainGroup = F5CA6F9C216E7A9500A8387E;
			productRefGroup = F5CA6FA6216E7A9500A8387E /* Products */;
			projectDirPath = "";
			projectRoot = "";
			targets = (
				F5CA6FA4216E7A9500A8387E /* theaterNavController */,
			);
		};
/* End PBXProject section */

/* Begin PBXResourcesBuildPhase section */
		F5CA6FA3216E7A9500A8387E /* Resources */ = {
			isa = PBXResourcesBuildPhase;
			buildActionMask = 2147483647;
			files = (
				F5CA6FB3216E7A9900A8387E /* LaunchScreen.storyboard in Resources */,
				F5CA6FB0216E7A9900A8387E /* Assets.xcassets in Resources */,
				F5CA6FAE216E7A9600A8387E /* Main.storyboard in Resources */,
			);
			runOnlyForDeploymentPostprocessing = 0;
		};
/* End PBXResourcesBuildPhase section */

/* Begin PBXSourcesBuildPhase section */
		F5CA6FA1216E7A9500A8387E /* Sources */ = {
			isa = PBXSourcesBuildPhase;
			buildActionMask = 2147483647;
			files = (
				F5CA6FBB216E813A00A8387E /* LobbyViewController.swift in Sources */,
				F5CA6FAB216E7A9600A8387E /* ViewController.swift in Sources */,
				F5CA6FA9216E7A9600A8387E /* AppDelegate.swift in Sources */,
			);
			runOnlyForDeploymentPostprocessing = 0;
		};
/* End PBXSourcesBuildPhase section */

/* Begin PBXVariantGroup section */
		F5CA6FAC216E7A9600A8387E /* Main.storyboard */ = {
			isa = PBXVariantGroup;
			children = (
				F5CA6FAD216E7A9600A8387E /* Base */,
			);
			name = Main.storyboard;
			sourceTree = "<group>";
		};
		F5CA6FB1216E7A9900A8387E /* LaunchScreen.storyboard */ = {
			isa = PBXVariantGroup;
			children = (
				F5CA6FB2216E7A9900A8387E /* Base */,
			);
			name = LaunchScreen.storyboard;
			sourceTree = "<group>";
		};
/* End PBXVariantGroup section */

/* Begin XCBuildConfiguration section */
		F5CA6FB5216E7A9900A8387E /* Debug */ = {
			isa = XCBuildConfiguration;
			buildSettings = {
				ALWAYS_SEARCH_USER_PATHS = NO;
				CLANG_ANALYZER_NONNULL = YES;
				CLANG_ANALYZER_NUMBER_OBJECT_CONVERSION = YES_AGGRESSIVE;
				CLANG_CXX_LANGUAGE_STANDARD = "gnu++14";
				CLANG_CXX_LIBRARY = "libc++";
				CLANG_ENABLE_MODULES = YES;
				CLANG_ENABLE_OBJC_ARC = YES;
				CLANG_ENABLE_OBJC_WEAK = YES;
				CLANG_WARN_BLOCK_CAPTURE_AUTORELEASING = YES;
				CLANG_WARN_BOOL_CONVERSION = YES;
				CLANG_WARN_COMMA = YES;
				CLANG_WARN_CONSTANT_CONVERSION = YES;
				CLANG_WARN_DEPRECATED_OBJC_IMPLEMENTATIONS = YES;
				CLANG_WARN_DIRECT_OBJC_ISA_USAGE = YES_ERROR;
				CLANG_WARN_DOCUMENTATION_COMMENTS = YES;
				CLANG_WARN_EMPTY_BODY = YES;
				CLANG_WARN_ENUM_CONVERSION = YES;
				CLANG_WARN_INFINITE_RECURSION = YES;
				CLANG_WARN_INT_CONVERSION = YES;
				CLANG_WARN_NON_LITERAL_NULL_CONVERSION = YES;
				CLANG_WARN_OBJC_IMPLICIT_RETAIN_SELF = YES;
				CLANG_WARN_OBJC_LITERAL_CONVERSION = YES;
				CLANG_WARN_OBJC_ROOT_CLASS = YES_ERROR;
				CLANG_WARN_RANGE_LOOP_ANALYSIS = YES;
				CLANG_WARN_STRICT_PROTOTYPES = YES;
				CLANG_WARN_SUSPICIOUS_MOVE = YES;
				CLANG_WARN_UNGUARDED_AVAILABILITY = YES_AGGRESSIVE;
				CLANG_WARN_UNREACHABLE_CODE = YES;
				CLANG_WARN__DUPLICATE_METHOD_MATCH = YES;
				CODE_SIGN_IDENTITY = "iPhone Developer";
				COPY_PHASE_STRIP = NO;
				DEBUG_INFORMATION_FORMAT = dwarf;
				ENABLE_STRICT_OBJC_MSGSEND = YES;
				ENABLE_TESTABILITY = YES;
				GCC_C_LANGUAGE_STANDARD = gnu11;
				GCC_DYNAMIC_NO_PIC = NO;
				GCC_NO_COMMON_BLOCKS = YES;
				GCC_OPTIMIZATION_LEVEL = 0;
				GCC_PREPROCESSOR_DEFINITIONS = (
					"DEBUG=1",
					"$(inherited)",
				);
				GCC_WARN_64_TO_32_BIT_CONVERSION = YES;
				GCC_WARN_ABOUT_RETURN_TYPE = YES_ERROR;
				GCC_WARN_UNDECLARED_SELECTOR = YES;
				GCC_WARN_UNINITIALIZED_AUTOS = YES_AGGRESSIVE;
				GCC_WARN_UNUSED_FUNCTION = YES;
				GCC_WARN_UNUSED_VARIABLE = YES;
				IPHONEOS_DEPLOYMENT_TARGET = 11.4;
				MTL_ENABLE_DEBUG_INFO = YES;
				ONLY_ACTIVE_ARCH = YES;
				SDKROOT = iphoneos;
				SWIFT_ACTIVE_COMPILATION_CONDITIONS = DEBUG;
				SWIFT_OPTIMIZATION_LEVEL = "-Onone";
			};
			name = Debug;
		};
		F5CA6FB6216E7A9900A8387E /* Release */ = {
			isa = XCBuildConfiguration;
			buildSettings = {
				ALWAYS_SEARCH_USER_PATHS = NO;
				CLANG_ANALYZER_NONNULL = YES;
				CLANG_ANALYZER_NUMBER_OBJECT_CONVERSION = YES_AGGRESSIVE;
				CLANG_CXX_LANGUAGE_STANDARD = "gnu++14";
				CLANG_CXX_LIBRARY = "libc++";
				CLANG_ENABLE_MODULES = YES;
				CLANG_ENABLE_OBJC_ARC = YES;
				CLANG_ENABLE_OBJC_WEAK = YES;
				CLANG_WARN_BLOCK_CAPTURE_AUTORELEASING = YES;
				CLANG_WARN_BOOL_CONVERSION = YES;
				CLANG_WARN_COMMA = YES;
				CLANG_WARN_CONSTANT_CONVERSION = YES;
				CLANG_WARN_DEPRECATED_OBJC_IMPLEMENTATIONS = YES;
				CLANG_WARN_DIRECT_OBJC_ISA_USAGE = YES_ERROR;
				CLANG_WARN_DOCUMENTATION_COMMENTS = YES;
				CLANG_WARN_EMPTY_BODY = YES;
				CLANG_WARN_ENUM_CONVERSION = YES;
				CLANG_WARN_INFINITE_RECURSION = YES;
				CLANG_WARN_INT_CONVERSION = YES;
				CLANG_WARN_NON_LITERAL_NULL_CONVERSION = YES;
				CLANG_WARN_OBJC_IMPLICIT_RETAIN_SELF = YES;
				CLANG_WARN_OBJC_LITERAL_CONVERSION = YES;
				CLANG_WARN_OBJC_ROOT_CLASS = YES_ERROR;
				CLANG_WARN_RANGE_LOOP_ANALYSIS = YES;
				CLANG_WARN_STRICT_PROTOTYPES = YES;
				CLANG_WARN_SUSPICIOUS_MOVE = YES;
				CLANG_WARN_UNGUARDED_AVAILABILITY = YES_AGGRESSIVE;
				CLANG_WARN_UNREACHABLE_CODE = YES;
				CLANG_WARN__DUPLICATE_METHOD_MATCH = YES;
				CODE_SIGN_IDENTITY = "iPhone Developer";
				COPY_PHASE_STRIP = NO;
				DEBUG_INFORMATION_FORMAT = "dwarf-with-dsym";
				ENABLE_NS_ASSERTIONS = NO;
				ENABLE_STRICT_OBJC_MSGSEND = YES;
				GCC_C_LANGUAGE_STANDARD = gnu11;
				GCC_NO_COMMON_BLOCKS = YES;
				GCC_WARN_64_TO_32_BIT_CONVERSION = YES;
				GCC_WARN_ABOUT_RETURN_TYPE = YES_ERROR;
				GCC_WARN_UNDECLARED_SELECTOR = YES;
				GCC_WARN_UNINITIALIZED_AUTOS = YES_AGGRESSIVE;
				GCC_WARN_UNUSED_FUNCTION = YES;
				GCC_WARN_UNUSED_VARIABLE = YES;
				IPHONEOS_DEPLOYMENT_TARGET = 11.4;
				MTL_ENABLE_DEBUG_INFO = NO;
				SDKROOT = iphoneos;
				SWIFT_COMPILATION_MODE = wholemodule;
				SWIFT_OPTIMIZATION_LEVEL = "-O";
				VALIDATE_PRODUCT = YES;
			};
			name = Release;
		};
		F5CA6FB8216E7A9900A8387E /* Debug */ = {
			isa = XCBuildConfiguration;
			buildSettings = {
				ASSETCATALOG_COMPILER_APPICON_NAME = AppIcon;
				CODE_SIGN_STYLE = Automatic;
				INFOPLIST_FILE = theaterNavController/Info.plist;
				LD_RUNPATH_SEARCH_PATHS = (
					"$(inherited)",
					"@executable_path/Frameworks",
				);
				PRODUCT_BUNDLE_IDENTIFIER = com.example.theaterNavController;
				PRODUCT_NAME = "$(TARGET_NAME)";
				SWIFT_VERSION = 4.0;
				TARGETED_DEVICE_FAMILY = "1,2";
			};
			name = Debug;
		};
		F5CA6FB9216E7A9900A8387E /* Release */ = {
			isa = XCBuildConfiguration;
			buildSettings = {
				ASSETCATALOG_COMPILER_APPICON_NAME = AppIcon;
				CODE_SIGN_STYLE = Automatic;
				INFOPLIST_FILE = theaterNavController/Info.plist;
				LD_RUNPATH_SEARCH_PATHS = (
					"$(inherited)",
					"@executable_path/Frameworks",
				);
				PRODUCT_BUNDLE_IDENTIFIER = com.example.theaterNavController;
				PRODUCT_NAME = "$(TARGET_NAME)";
				SWIFT_VERSION = 4.0;
				TARGETED_DEVICE_FAMILY = "1,2";
			};
			name = Release;
		};
/* End XCBuildConfiguration section */

/* Begin XCConfigurationList section */
		F5CA6FA0216E7A9500A8387E /* Build configuration list for PBXProject "theaterNavController" */ = {
			isa = XCConfigurationList;
			buildConfigurations = (
				F5CA6FB5216E7A9900A8387E /* Debug */,
				F5CA6FB6216E7A9900A8387E /* Release */,
			);
			defaultConfigurationIsVisible = 0;
			defaultConfigurationName = Release;
		};
		F5CA6FB7216E7A9900A8387E /* Build configuration list for PBXNativeTarget "theaterNavController" */ = {
			isa = XCConfigurationList;
			buildConfigurations = (
				F5CA6FB8216E7A9900A8387E /* Debug */,
				F5CA6FB9216E7A9900A8387E /* Release */,
			);
			defaultConfigurationIsVisible = 0;
			defaultConfigurationName = Release;
		};
/* End XCConfigurationList section */
	};
	rootObject = F5CA6F9D216E7A9500A8387E /* Project object */;
}
