// !$*UTF8*$!
{
	archiveVersion = 1;
	classes = {
	};
	objectVersion = 50;
	objects = {

/* Begin PBXBuildFile section */
		F587A5AF2358DB81002EA8B0 /* AppDelegate.swift in Sources */ = {isa = PBXBuildFile; fileRef = F587A5AE2358DB81002EA8B0 /* AppDelegate.swift */; };
		F587A5B42358DB81002EA8B0 /* Main.storyboard in Resources */ = {isa = PBXBuildFile; fileRef = F587A5B22358DB81002EA8B0 /* Main.storyboard */; };
		F587A5B62358DB83002EA8B0 /* Assets.xcassets in Resources */ = {isa = PBXBuildFile; fileRef = F587A5B52358DB83002EA8B0 /* Assets.xcassets */; };
		F587A5B92358DB83002EA8B0 /* LaunchScreen.storyboard in Resources */ = {isa = PBXBuildFile; fileRef = F587A5B72358DB83002EA8B0 /* LaunchScreen.storyboard */; };
		F587A5C12358DF20002EA8B0 /* Player.swift in Sources */ = {isa = PBXBuildFile; fileRef = F587A5C02358DF20002EA8B0 /* Player.swift */; };
		F587A5C52358E3A0002EA8B0 /* AddPlayerViewController.swift in Sources */ = {isa = PBXBuildFile; fileRef = F587A5C42358E3A0002EA8B0 /* AddPlayerViewController.swift */; };
		F5A79800235F74C1002EDEFE /* BaseballTableViewController.swift in Sources */ = {isa = PBXBuildFile; fileRef = F5A797FF235F74C1002EDEFE /* BaseballTableViewController.swift */; };
/* End PBXBuildFile section */

/* Begin PBXFileReference section */
		F587A5AB2358DB81002EA8B0 /* PlayersTab.app */ = {isa = PBXFileReference; explicitFileType = wrapper.application; includeInIndex = 0; path = PlayersTab.app; sourceTree = BUILT_PRODUCTS_DIR; };
		F587A5AE2358DB81002EA8B0 /* AppDelegate.swift */ = {isa = PBXFileReference; lastKnownFileType = sourcecode.swift; path = AppDelegate.swift; sourceTree = "<group>"; };
		F587A5B32358DB81002EA8B0 /* Base */ = {isa = PBXFileReference; lastKnownFileType = file.storyboard; name = Base; path = Base.lproj/Main.storyboard; sourceTree = "<group>"; };
		F587A5B52358DB83002EA8B0 /* Assets.xcassets */ = {isa = PBXFileReference; lastKnownFileType = folder.assetcatalog; path = Assets.xcassets; sourceTree = "<group>"; };
		F587A5B82358DB83002EA8B0 /* Base */ = {isa = PBXFileReference; lastKnownFileType = file.storyboard; name = Base; path = Base.lproj/LaunchScreen.storyboard; sourceTree = "<group>"; };
		F587A5BA2358DB83002EA8B0 /* Info.plist */ = {isa = PBXFileReference; lastKnownFileType = text.plist.xml; path = Info.plist; sourceTree = "<group>"; };
		F587A5C02358DF20002EA8B0 /* Player.swift */ = {isa = PBXFileReference; lastKnownFileType = sourcecode.swift; path = Player.swift; sourceTree = "<group>"; };
		F587A5C42358E3A0002EA8B0 /* AddPlayerViewController.swift */ = {isa = PBXFileReference; lastKnownFileType = sourcecode.swift; path = AddPlayerViewController.swift; sourceTree = "<group>"; };
		F5A797FF235F74C1002EDEFE /* BaseballTableViewController.swift */ = {isa = PBXFileReference; lastKnownFileType = sourcecode.swift; path = BaseballTableViewController.swift; sourceTree = "<group>"; };
/* End PBXFileReference section */

/* Begin PBXFrameworksBuildPhase section */
		F587A5A82358DB81002EA8B0 /* Frameworks */ = {
			isa = PBXFrameworksBuildPhase;
			buildActionMask = 2147483647;
			files = (
			);
			runOnlyForDeploymentPostprocessing = 0;
		};
/* End PBXFrameworksBuildPhase section */

/* Begin PBXGroup section */
		F587A5A22358DB81002EA8B0 = {
			isa = PBXGroup;
			children = (
				F587A5AD2358DB81002EA8B0 /* PlayersTab */,
				F587A5AC2358DB81002EA8B0 /* Products */,
			);
			sourceTree = "<group>";
		};
		F587A5AC2358DB81002EA8B0 /* Products */ = {
			isa = PBXGroup;
			children = (
				F587A5AB2358DB81002EA8B0 /* PlayersTab.app */,
			);
			name = Products;
			sourceTree = "<group>";
		};
		F587A5AD2358DB81002EA8B0 /* PlayersTab */ = {
			isa = PBXGroup;
			children = (
				F587A5AE2358DB81002EA8B0 /* AppDelegate.swift */,
				F587A5B22358DB81002EA8B0 /* Main.storyboard */,
				F5A797FF235F74C1002EDEFE /* BaseballTableViewController.swift */,
				F587A5C42358E3A0002EA8B0 /* AddPlayerViewController.swift */,
				F587A5C02358DF20002EA8B0 /* Player.swift */,
				F587A5B52358DB83002EA8B0 /* Assets.xcassets */,
				F587A5B72358DB83002EA8B0 /* LaunchScreen.storyboard */,
				F587A5BA2358DB83002EA8B0 /* Info.plist */,
			);
			path = PlayersTab;
			sourceTree = "<group>";
		};
/* End PBXGroup section */

/* Begin PBXNativeTarget section */
		F587A5AA2358DB81002EA8B0 /* PlayersTab */ = {
			isa = PBXNativeTarget;
			buildConfigurationList = F587A5BD2358DB83002EA8B0 /* Build configuration list for PBXNativeTarget "PlayersTab" */;
			buildPhases = (
				F587A5A72358DB81002EA8B0 /* Sources */,
				F587A5A82358DB81002EA8B0 /* Frameworks */,
				F587A5A92358DB81002EA8B0 /* Resources */,
			);
			buildRules = (
			);
			dependencies = (
			);
			name = PlayersTab;
			productName = PlayersTab;
			productReference = F587A5AB2358DB81002EA8B0 /* PlayersTab.app */;
			productType = "com.apple.product-type.application";
		};
/* End PBXNativeTarget section */

/* Begin PBXProject section */
		F587A5A32358DB81002EA8B0 /* Project object */ = {
			isa = PBXProject;
			attributes = {
				LastSwiftUpdateCheck = 1030;
				LastUpgradeCheck = 1030;
				ORGANIZATIONNAME = "Maximilian Luttrell";
				TargetAttributes = {
					F587A5AA2358DB81002EA8B0 = {
						CreatedOnToolsVersion = 10.3;
					};
				};
			};
			buildConfigurationList = F587A5A62358DB81002EA8B0 /* Build configuration list for PBXProject "PlayersTab" */;
			compatibilityVersion = "Xcode 9.3";
			developmentRegion = en;
			hasScannedForEncodings = 0;
			knownRegions = (
				en,
				Base,
			);
			mainGroup = F587A5A22358DB81002EA8B0;
			productRefGroup = F587A5AC2358DB81002EA8B0 /* Products */;
			projectDirPath = "";
			projectRoot = "";
			targets = (
				F587A5AA2358DB81002EA8B0 /* PlayersTab */,
			);
		};
/* End PBXProject section */

/* Begin PBXResourcesBuildPhase section */
		F587A5A92358DB81002EA8B0 /* Resources */ = {
			isa = PBXResourcesBuildPhase;
			buildActionMask = 2147483647;
			files = (
				F587A5B92358DB83002EA8B0 /* LaunchScreen.storyboard in Resources */,
				F587A5B62358DB83002EA8B0 /* Assets.xcassets in Resources */,
				F587A5B42358DB81002EA8B0 /* Main.storyboard in Resources */,
			);
			runOnlyForDeploymentPostprocessing = 0;
		};
/* End PBXResourcesBuildPhase section */

/* Begin PBXSourcesBuildPhase section */
		F587A5A72358DB81002EA8B0 /* Sources */ = {
			isa = PBXSourcesBuildPhase;
			buildActionMask = 2147483647;
			files = (
				F587A5C52358E3A0002EA8B0 /* AddPlayerViewController.swift in Sources */,
				F587A5C12358DF20002EA8B0 /* Player.swift in Sources */,
				F587A5AF2358DB81002EA8B0 /* AppDelegate.swift in Sources */,
				F5A79800235F74C1002EDEFE /* BaseballTableViewController.swift in Sources */,
			);
			runOnlyForDeploymentPostprocessing = 0;
		};
/* End PBXSourcesBuildPhase section */

/* Begin PBXVariantGroup section */
		F587A5B22358DB81002EA8B0 /* Main.storyboard */ = {
			isa = PBXVariantGroup;
			children = (
				F587A5B32358DB81002EA8B0 /* Base */,
			);
			name = Main.storyboard;
			sourceTree = "<group>";
		};
		F587A5B72358DB83002EA8B0 /* LaunchScreen.storyboard */ = {
			isa = PBXVariantGroup;
			children = (
				F587A5B82358DB83002EA8B0 /* Base */,
			);
			name = LaunchScreen.storyboard;
			sourceTree = "<group>";
		};
/* End PBXVariantGroup section */

/* Begin XCBuildConfiguration section */
		F587A5BB2358DB83002EA8B0 /* Debug */ = {
			isa = XCBuildConfiguration;
			buildSettings = {
				ALWAYS_SEARCH_USER_PATHS = NO;
				CLANG_ANALYZER_NONNULL = YES;
				CLANG_ANALYZER_NUMBER_OBJECT_CONVERSION = YES_AGGRESSIVE;
				CLANG_CXX_LANGUAGE_STANDARD = "gnu++14";
				CLANG_CXX_LIBRARY = "libc++";
				CLANG_ENABLE_MODULES = YES;
				CLANG_ENABLE_OBJC_ARC = YES;
				CLANG_ENABLE_OBJC_WEAK = YES;
				CLANG_WARN_BLOCK_CAPTURE_AUTORELEASING = YES;
				CLANG_WARN_BOOL_CONVERSION = YES;
				CLANG_WARN_COMMA = YES;
				CLANG_WARN_CONSTANT_CONVERSION = YES;
				CLANG_WARN_DEPRECATED_OBJC_IMPLEMENTATIONS = YES;
				CLANG_WARN_DIRECT_OBJC_ISA_USAGE = YES_ERROR;
				CLANG_WARN_DOCUMENTATION_COMMENTS = YES;
				CLANG_WARN_EMPTY_BODY = YES;
				CLANG_WARN_ENUM_CONVERSION = YES;
				CLANG_WARN_INFINITE_RECURSION = YES;
				CLANG_WARN_INT_CONVERSION = YES;
				CLANG_WARN_NON_LITERAL_NULL_CONVERSION = YES;
				CLANG_WARN_OBJC_IMPLICIT_RETAIN_SELF = YES;
				CLANG_WARN_OBJC_LITERAL_CONVERSION = YES;
				CLANG_WARN_OBJC_ROOT_CLASS = YES_ERROR;
				CLANG_WARN_RANGE_LOOP_ANALYSIS = YES;
				CLANG_WARN_STRICT_PROTOTYPES = YES;
				CLANG_WARN_SUSPICIOUS_MOVE = YES;
				CLANG_WARN_UNGUARDED_AVAILABILITY = YES_AGGRESSIVE;
				CLANG_WARN_UNREACHABLE_CODE = YES;
				CLANG_WARN__DUPLICATE_METHOD_MATCH = YES;
				CODE_SIGN_IDENTITY = "iPhone Developer";
				COPY_PHASE_STRIP = NO;
				DEBUG_INFORMATION_FORMAT = dwarf;
				ENABLE_STRICT_OBJC_MSGSEND = YES;
				ENABLE_TESTABILITY = YES;
				GCC_C_LANGUAGE_STANDARD = gnu11;
				GCC_DYNAMIC_NO_PIC = NO;
				GCC_NO_COMMON_BLOCKS = YES;
				GCC_OPTIMIZATION_LEVEL = 0;
				GCC_PREPROCESSOR_DEFINITIONS = (
					"DEBUG=1",
					"$(inherited)",
				);
				GCC_WARN_64_TO_32_BIT_CONVERSION = YES;
				GCC_WARN_ABOUT_RETURN_TYPE = YES_ERROR;
				GCC_WARN_UNDECLARED_SELECTOR = YES;
				GCC_WARN_UNINITIALIZED_AUTOS = YES_AGGRESSIVE;
				GCC_WARN_UNUSED_FUNCTION = YES;
				GCC_WARN_UNUSED_VARIABLE = YES;
				IPHONEOS_DEPLOYMENT_TARGET = 12.4;
				MTL_ENABLE_DEBUG_INFO = INCLUDE_SOURCE;
				MTL_FAST_MATH = YES;
				ONLY_ACTIVE_ARCH = YES;
				SDKROOT = iphoneos;
				SWIFT_ACTIVE_COMPILATION_CONDITIONS = DEBUG;
				SWIFT_OPTIMIZATION_LEVEL = "-Onone";
			};
			name = Debug;
		};
		F587A5BC2358DB83002EA8B0 /* Release */ = {
			isa = XCBuildConfiguration;
			buildSettings = {
				ALWAYS_SEARCH_USER_PATHS = NO;
				CLANG_ANALYZER_NONNULL = YES;
				CLANG_ANALYZER_NUMBER_OBJECT_CONVERSION = YES_AGGRESSIVE;
				CLANG_CXX_LANGUAGE_STANDARD = "gnu++14";
				CLANG_CXX_LIBRARY = "libc++";
				CLANG_ENABLE_MODULES = YES;
				CLANG_ENABLE_OBJC_ARC = YES;
				CLANG_ENABLE_OBJC_WEAK = YES;
				CLANG_WARN_BLOCK_CAPTURE_AUTORELEASING = YES;
				CLANG_WARN_BOOL_CONVERSION = YES;
				CLANG_WARN_COMMA = YES;
				CLANG_WARN_CONSTANT_CONVERSION = YES;
				CLANG_WARN_DEPRECATED_OBJC_IMPLEMENTATIONS = YES;
				CLANG_WARN_DIRECT_OBJC_ISA_USAGE = YES_ERROR;
				CLANG_WARN_DOCUMENTATION_COMMENTS = YES;
				CLANG_WARN_EMPTY_BODY = YES;
				CLANG_WARN_ENUM_CONVERSION = YES;
				CLANG_WARN_INFINITE_RECURSION = YES;
				CLANG_WARN_INT_CONVERSION = YES;
				CLANG_WARN_NON_LITERAL_NULL_CONVERSION = YES;
				CLANG_WARN_OBJC_IMPLICIT_RETAIN_SELF = YES;
				CLANG_WARN_OBJC_LITERAL_CONVERSION = YES;
				CLANG_WARN_OBJC_ROOT_CLASS = YES_ERROR;
				CLANG_WARN_RANGE_LOOP_ANALYSIS = YES;
				CLANG_WARN_STRICT_PROTOTYPES = YES;
				CLANG_WARN_SUSPICIOUS_MOVE = YES;
				CLANG_WARN_UNGUARDED_AVAILABILITY = YES_AGGRESSIVE;
				CLANG_WARN_UNREACHABLE_CODE = YES;
				CLANG_WARN__DUPLICATE_METHOD_MATCH = YES;
				CODE_SIGN_IDENTITY = "iPhone Developer";
				COPY_PHASE_STRIP = NO;
				DEBUG_INFORMATION_FORMAT = "dwarf-with-dsym";
				ENABLE_NS_ASSERTIONS = NO;
				ENABLE_STRICT_OBJC_MSGSEND = YES;
				GCC_C_LANGUAGE_STANDARD = gnu11;
				GCC_NO_COMMON_BLOCKS = YES;
				GCC_WARN_64_TO_32_BIT_CONVERSION = YES;
				GCC_WARN_ABOUT_RETURN_TYPE = YES_ERROR;
				GCC_WARN_UNDECLARED_SELECTOR = YES;
				GCC_WARN_UNINITIALIZED_AUTOS = YES_AGGRESSIVE;
				GCC_WARN_UNUSED_FUNCTION = YES;
				GCC_WARN_UNUSED_VARIABLE = YES;
				IPHONEOS_DEPLOYMENT_TARGET = 12.4;
				MTL_ENABLE_DEBUG_INFO = NO;
				MTL_FAST_MATH = YES;
				SDKROOT = iphoneos;
				SWIFT_COMPILATION_MODE = wholemodule;
				SWIFT_OPTIMIZATION_LEVEL = "-O";
				VALIDATE_PRODUCT = YES;
			};
			name = Release;
		};
		F587A5BE2358DB83002EA8B0 /* Debug */ = {
			isa = XCBuildConfiguration;
			buildSettings = {
				ASSETCATALOG_COMPILER_APPICON_NAME = AppIcon;
				CODE_SIGN_STYLE = Automatic;
				INFOPLIST_FILE = PlayersTab/Info.plist;
				LD_RUNPATH_SEARCH_PATHS = (
					"$(inherited)",
					"@executable_path/Frameworks",
				);
				PRODUCT_BUNDLE_IDENTIFIER = com.example.PlayersTab;
				PRODUCT_NAME = "$(TARGET_NAME)";
				SWIFT_VERSION = 5.0;
				TARGETED_DEVICE_FAMILY = "1,2";
			};
			name = Debug;
		};
		F587A5BF2358DB83002EA8B0 /* Release */ = {
			isa = XCBuildConfiguration;
			buildSettings = {
				ASSETCATALOG_COMPILER_APPICON_NAME = AppIcon;
				CODE_SIGN_STYLE = Automatic;
				INFOPLIST_FILE = PlayersTab/Info.plist;
				LD_RUNPATH_SEARCH_PATHS = (
					"$(inherited)",
					"@executable_path/Frameworks",
				);
				PRODUCT_BUNDLE_IDENTIFIER = com.example.PlayersTab;
				PRODUCT_NAME = "$(TARGET_NAME)";
				SWIFT_VERSION = 5.0;
				TARGETED_DEVICE_FAMILY = "1,2";
			};
			name = Release;
		};
/* End XCBuildConfiguration section */

/* Begin XCConfigurationList section */
		F587A5A62358DB81002EA8B0 /* Build configuration list for PBXProject "PlayersTab" */ = {
			isa = XCConfigurationList;
			buildConfigurations = (
				F587A5BB2358DB83002EA8B0 /* Debug */,
				F587A5BC2358DB83002EA8B0 /* Release */,
			);
			defaultConfigurationIsVisible = 0;
			defaultConfigurationName = Release;
		};
		F587A5BD2358DB83002EA8B0 /* Build configuration list for PBXNativeTarget "PlayersTab" */ = {
			isa = XCConfigurationList;
			buildConfigurations = (
				F587A5BE2358DB83002EA8B0 /* Debug */,
				F587A5BF2358DB83002EA8B0 /* Release */,
			);
			defaultConfigurationIsVisible = 0;
			defaultConfigurationName = Release;
		};
/* End XCConfigurationList section */
	};
	rootObject = F587A5A32358DB81002EA8B0 /* Project object */;
}
