// !$*UTF8*$!
{
	archiveVersion = 1;
	classes = {
	};
	objectVersion = 50;
	objects = {

/* Begin PBXBuildFile section */
		F55DAF3423870E7D0001DECE /* AppDelegate.swift in Sources */ = {isa = PBXBuildFile; fileRef = F55DAF3323870E7D0001DECE /* AppDelegate.swift */; };
		F55DAF3923870E7D0001DECE /* Main.storyboard in Resources */ = {isa = PBXBuildFile; fileRef = F55DAF3723870E7D0001DECE /* Main.storyboard */; };
		F55DAF3B23870E800001DECE /* Assets.xcassets in Resources */ = {isa = PBXBuildFile; fileRef = F55DAF3A23870E800001DECE /* Assets.xcassets */; };
		F55DAF3E23870E800001DECE /* LaunchScreen.storyboard in Resources */ = {isa = PBXBuildFile; fileRef = F55DAF3C23870E800001DECE /* LaunchScreen.storyboard */; };
		F55DAF4623870F8F0001DECE /* TrackTableViewController.swift in Sources */ = {isa = PBXBuildFile; fileRef = F55DAF4523870F8F0001DECE /* TrackTableViewController.swift */; };
		F55DAF4C238715A70001DECE /* iTunes.swift in Sources */ = {isa = PBXBuildFile; fileRef = F55DAF4B238715A70001DECE /* iTunes.swift */; };
		F55DAF50238DAA330001DECE /* NowPlayingViewController.swift in Sources */ = {isa = PBXBuildFile; fileRef = F55DAF4F238DAA330001DECE /* NowPlayingViewController.swift */; };
/* End PBXBuildFile section */

/* Begin PBXFileReference section */
		F55DAF3023870E7D0001DECE /* musicPlayer.app */ = {isa = PBXFileReference; explicitFileType = wrapper.application; includeInIndex = 0; path = musicPlayer.app; sourceTree = BUILT_PRODUCTS_DIR; };
		F55DAF3323870E7D0001DECE /* AppDelegate.swift */ = {isa = PBXFileReference; lastKnownFileType = sourcecode.swift; path = AppDelegate.swift; sourceTree = "<group>"; };
		F55DAF3823870E7D0001DECE /* Base */ = {isa = PBXFileReference; lastKnownFileType = file.storyboard; name = Base; path = Base.lproj/Main.storyboard; sourceTree = "<group>"; };
		F55DAF3A23870E800001DECE /* Assets.xcassets */ = {isa = PBXFileReference; lastKnownFileType = folder.assetcatalog; path = Assets.xcassets; sourceTree = "<group>"; };
		F55DAF3D23870E800001DECE /* Base */ = {isa = PBXFileReference; lastKnownFileType = file.storyboard; name = Base; path = Base.lproj/LaunchScreen.storyboard; sourceTree = "<group>"; };
		F55DAF3F23870E800001DECE /* Info.plist */ = {isa = PBXFileReference; lastKnownFileType = text.plist.xml; path = Info.plist; sourceTree = "<group>"; };
		F55DAF4523870F8F0001DECE /* TrackTableViewController.swift */ = {isa = PBXFileReference; lastKnownFileType = sourcecode.swift; path = TrackTableViewController.swift; sourceTree = "<group>"; };
		F55DAF4B238715A70001DECE /* iTunes.swift */ = {isa = PBXFileReference; fileEncoding = 4; lastKnownFileType = sourcecode.swift; path = iTunes.swift; sourceTree = "<group>"; };
		F55DAF4F238DAA330001DECE /* NowPlayingViewController.swift */ = {isa = PBXFileReference; lastKnownFileType = sourcecode.swift; path = NowPlayingViewController.swift; sourceTree = "<group>"; };
/* End PBXFileReference section */

/* Begin PBXFrameworksBuildPhase section */
		F55DAF2D23870E7D0001DECE /* Frameworks */ = {
			isa = PBXFrameworksBuildPhase;
			buildActionMask = 2147483647;
			files = (
			);
			runOnlyForDeploymentPostprocessing = 0;
		};
/* End PBXFrameworksBuildPhase section */

/* Begin PBXGroup section */
		F55DAF2723870E7D0001DECE = {
			isa = PBXGroup;
			children = (
				F55DAF3223870E7D0001DECE /* musicPlayer */,
				F55DAF3123870E7D0001DECE /* Products */,
			);
			sourceTree = "<group>";
		};
		F55DAF3123870E7D0001DECE /* Products */ = {
			isa = PBXGroup;
			children = (
				F55DAF3023870E7D0001DECE /* musicPlayer.app */,
			);
			name = Products;
			sourceTree = "<group>";
		};
		F55DAF3223870E7D0001DECE /* musicPlayer */ = {
			isa = PBXGroup;
			children = (
				F55DAF3323870E7D0001DECE /* AppDelegate.swift */,
				F55DAF3723870E7D0001DECE /* Main.storyboard */,
				F55DAF4F238DAA330001DECE /* NowPlayingViewController.swift */,
				F55DAF3A23870E800001DECE /* Assets.xcassets */,
				F55DAF3C23870E800001DECE /* LaunchScreen.storyboard */,
				F55DAF4B238715A70001DECE /* iTunes.swift */,
				F55DAF3F23870E800001DECE /* Info.plist */,
				F55DAF4523870F8F0001DECE /* TrackTableViewController.swift */,
			);
			path = musicPlayer;
			sourceTree = "<group>";
		};
/* End PBXGroup section */

/* Begin PBXNativeTarget section */
		F55DAF2F23870E7D0001DECE /* musicPlayer */ = {
			isa = PBXNativeTarget;
			buildConfigurationList = F55DAF4223870E800001DECE /* Build configuration list for PBXNativeTarget "musicPlayer" */;
			buildPhases = (
				F55DAF2C23870E7D0001DECE /* Sources */,
				F55DAF2D23870E7D0001DECE /* Frameworks */,
				F55DAF2E23870E7D0001DECE /* Resources */,
			);
			buildRules = (
			);
			dependencies = (
			);
			name = musicPlayer;
			productName = musicPlayer;
			productReference = F55DAF3023870E7D0001DECE /* musicPlayer.app */;
			productType = "com.apple.product-type.application";
		};
/* End PBXNativeTarget section */

/* Begin PBXProject section */
		F55DAF2823870E7D0001DECE /* Project object */ = {
			isa = PBXProject;
			attributes = {
				LastSwiftUpdateCheck = 1030;
				LastUpgradeCheck = 1030;
				ORGANIZATIONNAME = "Maximilian Luttrell";
				TargetAttributes = {
					F55DAF2F23870E7D0001DECE = {
						CreatedOnToolsVersion = 10.3;
					};
				};
			};
			buildConfigurationList = F55DAF2B23870E7D0001DECE /* Build configuration list for PBXProject "musicPlayer" */;
			compatibilityVersion = "Xcode 9.3";
			developmentRegion = en;
			hasScannedForEncodings = 0;
			knownRegions = (
				en,
				Base,
			);
			mainGroup = F55DAF2723870E7D0001DECE;
			productRefGroup = F55DAF3123870E7D0001DECE /* Products */;
			projectDirPath = "";
			projectRoot = "";
			targets = (
				F55DAF2F23870E7D0001DECE /* musicPlayer */,
			);
		};
/* End PBXProject section */

/* Begin PBXResourcesBuildPhase section */
		F55DAF2E23870E7D0001DECE /* Resources */ = {
			isa = PBXResourcesBuildPhase;
			buildActionMask = 2147483647;
			files = (
				F55DAF3E23870E800001DECE /* LaunchScreen.storyboard in Resources */,
				F55DAF3B23870E800001DECE /* Assets.xcassets in Resources */,
				F55DAF3923870E7D0001DECE /* Main.storyboard in Resources */,
			);
			runOnlyForDeploymentPostprocessing = 0;
		};
/* End PBXResourcesBuildPhase section */

/* Begin PBXSourcesBuildPhase section */
		F55DAF2C23870E7D0001DECE /* Sources */ = {
			isa = PBXSourcesBuildPhase;
			buildActionMask = 2147483647;
			files = (
				F55DAF50238DAA330001DECE /* NowPlayingViewController.swift in Sources */,
				F55DAF3423870E7D0001DECE /* AppDelegate.swift in Sources */,
				F55DAF4C238715A70001DECE /* iTunes.swift in Sources */,
				F55DAF4623870F8F0001DECE /* TrackTableViewController.swift in Sources */,
			);
			runOnlyForDeploymentPostprocessing = 0;
		};
/* End PBXSourcesBuildPhase section */

/* Begin PBXVariantGroup section */
		F55DAF3723870E7D0001DECE /* Main.storyboard */ = {
			isa = PBXVariantGroup;
			children = (
				F55DAF3823870E7D0001DECE /* Base */,
			);
			name = Main.storyboard;
			sourceTree = "<group>";
		};
		F55DAF3C23870E800001DECE /* LaunchScreen.storyboard */ = {
			isa = PBXVariantGroup;
			children = (
				F55DAF3D23870E800001DECE /* Base */,
			);
			name = LaunchScreen.storyboard;
			sourceTree = "<group>";
		};
/* End PBXVariantGroup section */

/* Begin XCBuildConfiguration section */
		F55DAF4023870E800001DECE /* Debug */ = {
			isa = XCBuildConfiguration;
			buildSettings = {
				ALWAYS_SEARCH_USER_PATHS = NO;
				CLANG_ANALYZER_NONNULL = YES;
				CLANG_ANALYZER_NUMBER_OBJECT_CONVERSION = YES_AGGRESSIVE;
				CLANG_CXX_LANGUAGE_STANDARD = "gnu++14";
				CLANG_CXX_LIBRARY = "libc++";
				CLANG_ENABLE_MODULES = YES;
				CLANG_ENABLE_OBJC_ARC = YES;
				CLANG_ENABLE_OBJC_WEAK = YES;
				CLANG_WARN_BLOCK_CAPTURE_AUTORELEASING = YES;
				CLANG_WARN_BOOL_CONVERSION = YES;
				CLANG_WARN_COMMA = YES;
				CLANG_WARN_CONSTANT_CONVERSION = YES;
				CLANG_WARN_DEPRECATED_OBJC_IMPLEMENTATIONS = YES;
				CLANG_WARN_DIRECT_OBJC_ISA_USAGE = YES_ERROR;
				CLANG_WARN_DOCUMENTATION_COMMENTS = YES;
				CLANG_WARN_EMPTY_BODY = YES;
				CLANG_WARN_ENUM_CONVERSION = YES;
				CLANG_WARN_INFINITE_RECURSION = YES;
				CLANG_WARN_INT_CONVERSION = YES;
				CLANG_WARN_NON_LITERAL_NULL_CONVERSION = YES;
				CLANG_WARN_OBJC_IMPLICIT_RETAIN_SELF = YES;
				CLANG_WARN_OBJC_LITERAL_CONVERSION = YES;
				CLANG_WARN_OBJC_ROOT_CLASS = YES_ERROR;
				CLANG_WARN_RANGE_LOOP_ANALYSIS = YES;
				CLANG_WARN_STRICT_PROTOTYPES = YES;
				CLANG_WARN_SUSPICIOUS_MOVE = YES;
				CLANG_WARN_UNGUARDED_AVAILABILITY = YES_AGGRESSIVE;
				CLANG_WARN_UNREACHABLE_CODE = YES;
				CLANG_WARN__DUPLICATE_METHOD_MATCH = YES;
				CODE_SIGN_IDENTITY = "iPhone Developer";
				COPY_PHASE_STRIP = NO;
				DEBUG_INFORMATION_FORMAT = dwarf;
				ENABLE_STRICT_OBJC_MSGSEND = YES;
				ENABLE_TESTABILITY = YES;
				GCC_C_LANGUAGE_STANDARD = gnu11;
				GCC_DYNAMIC_NO_PIC = NO;
				GCC_NO_COMMON_BLOCKS = YES;
				GCC_OPTIMIZATION_LEVEL = 0;
				GCC_PREPROCESSOR_DEFINITIONS = (
					"DEBUG=1",
					"$(inherited)",
				);
				GCC_WARN_64_TO_32_BIT_CONVERSION = YES;
				GCC_WARN_ABOUT_RETURN_TYPE = YES_ERROR;
				GCC_WARN_UNDECLARED_SELECTOR = YES;
				GCC_WARN_UNINITIALIZED_AUTOS = YES_AGGRESSIVE;
				GCC_WARN_UNUSED_FUNCTION = YES;
				GCC_WARN_UNUSED_VARIABLE = YES;
				IPHONEOS_DEPLOYMENT_TARGET = 12.4;
				MTL_ENABLE_DEBUG_INFO = INCLUDE_SOURCE;
				MTL_FAST_MATH = YES;
				ONLY_ACTIVE_ARCH = YES;
				SDKROOT = iphoneos;
				SWIFT_ACTIVE_COMPILATION_CONDITIONS = DEBUG;
				SWIFT_OPTIMIZATION_LEVEL = "-Onone";
			};
			name = Debug;
		};
		F55DAF4123870E800001DECE /* Release */ = {
			isa = XCBuildConfiguration;
			buildSettings = {
				ALWAYS_SEARCH_USER_PATHS = NO;
				CLANG_ANALYZER_NONNULL = YES;
				CLANG_ANALYZER_NUMBER_OBJECT_CONVERSION = YES_AGGRESSIVE;
				CLANG_CXX_LANGUAGE_STANDARD = "gnu++14";
				CLANG_CXX_LIBRARY = "libc++";
				CLANG_ENABLE_MODULES = YES;
				CLANG_ENABLE_OBJC_ARC = YES;
				CLANG_ENABLE_OBJC_WEAK = YES;
				CLANG_WARN_BLOCK_CAPTURE_AUTORELEASING = YES;
				CLANG_WARN_BOOL_CONVERSION = YES;
				CLANG_WARN_COMMA = YES;
				CLANG_WARN_CONSTANT_CONVERSION = YES;
				CLANG_WARN_DEPRECATED_OBJC_IMPLEMENTATIONS = YES;
				CLANG_WARN_DIRECT_OBJC_ISA_USAGE = YES_ERROR;
				CLANG_WARN_DOCUMENTATION_COMMENTS = YES;
				CLANG_WARN_EMPTY_BODY = YES;
				CLANG_WARN_ENUM_CONVERSION = YES;
				CLANG_WARN_INFINITE_RECURSION = YES;
				CLANG_WARN_INT_CONVERSION = YES;
				CLANG_WARN_NON_LITERAL_NULL_CONVERSION = YES;
				CLANG_WARN_OBJC_IMPLICIT_RETAIN_SELF = YES;
				CLANG_WARN_OBJC_LITERAL_CONVERSION = YES;
				CLANG_WARN_OBJC_ROOT_CLASS = YES_ERROR;
				CLANG_WARN_RANGE_LOOP_ANALYSIS = YES;
				CLANG_WARN_STRICT_PROTOTYPES = YES;
				CLANG_WARN_SUSPICIOUS_MOVE = YES;
				CLANG_WARN_UNGUARDED_AVAILABILITY = YES_AGGRESSIVE;
				CLANG_WARN_UNREACHABLE_CODE = YES;
				CLANG_WARN__DUPLICATE_METHOD_MATCH = YES;
				CODE_SIGN_IDENTITY = "iPhone Developer";
				COPY_PHASE_STRIP = NO;
				DEBUG_INFORMATION_FORMAT = "dwarf-with-dsym";
				ENABLE_NS_ASSERTIONS = NO;
				ENABLE_STRICT_OBJC_MSGSEND = YES;
				GCC_C_LANGUAGE_STANDARD = gnu11;
				GCC_NO_COMMON_BLOCKS = YES;
				GCC_WARN_64_TO_32_BIT_CONVERSION = YES;
				GCC_WARN_ABOUT_RETURN_TYPE = YES_ERROR;
				GCC_WARN_UNDECLARED_SELECTOR = YES;
				GCC_WARN_UNINITIALIZED_AUTOS = YES_AGGRESSIVE;
				GCC_WARN_UNUSED_FUNCTION = YES;
				GCC_WARN_UNUSED_VARIABLE = YES;
				IPHONEOS_DEPLOYMENT_TARGET = 12.4;
				MTL_ENABLE_DEBUG_INFO = NO;
				MTL_FAST_MATH = YES;
				SDKROOT = iphoneos;
				SWIFT_COMPILATION_MODE = wholemodule;
				SWIFT_OPTIMIZATION_LEVEL = "-O";
				VALIDATE_PRODUCT = YES;
			};
			name = Release;
		};
		F55DAF4323870E800001DECE /* Debug */ = {
			isa = XCBuildConfiguration;
			buildSettings = {
				ASSETCATALOG_COMPILER_APPICON_NAME = AppIcon;
				CODE_SIGN_STYLE = Automatic;
				INFOPLIST_FILE = musicPlayer/Info.plist;
				LD_RUNPATH_SEARCH_PATHS = (
					"$(inherited)",
					"@executable_path/Frameworks",
				);
				PRODUCT_BUNDLE_IDENTIFIER = com.example.musicPlayer;
				PRODUCT_NAME = "$(TARGET_NAME)";
				SWIFT_VERSION = 5.0;
				TARGETED_DEVICE_FAMILY = "1,2";
			};
			name = Debug;
		};
		F55DAF4423870E800001DECE /* Release */ = {
			isa = XCBuildConfiguration;
			buildSettings = {
				ASSETCATALOG_COMPILER_APPICON_NAME = AppIcon;
				CODE_SIGN_STYLE = Automatic;
				INFOPLIST_FILE = musicPlayer/Info.plist;
				LD_RUNPATH_SEARCH_PATHS = (
					"$(inherited)",
					"@executable_path/Frameworks",
				);
				PRODUCT_BUNDLE_IDENTIFIER = com.example.musicPlayer;
				PRODUCT_NAME = "$(TARGET_NAME)";
				SWIFT_VERSION = 5.0;
				TARGETED_DEVICE_FAMILY = "1,2";
			};
			name = Release;
		};
/* End XCBuildConfiguration section */

/* Begin XCConfigurationList section */
		F55DAF2B23870E7D0001DECE /* Build configuration list for PBXProject "musicPlayer" */ = {
			isa = XCConfigurationList;
			buildConfigurations = (
				F55DAF4023870E800001DECE /* Debug */,
				F55DAF4123870E800001DECE /* Release */,
			);
			defaultConfigurationIsVisible = 0;
			defaultConfigurationName = Release;
		};
		F55DAF4223870E800001DECE /* Build configuration list for PBXNativeTarget "musicPlayer" */ = {
			isa = XCConfigurationList;
			buildConfigurations = (
				F55DAF4323870E800001DECE /* Debug */,
				F55DAF4423870E800001DECE /* Release */,
			);
			defaultConfigurationIsVisible = 0;
			defaultConfigurationName = Release;
		};
/* End XCConfigurationList section */
	};
	rootObject = F55DAF2823870E7D0001DECE /* Project object */;
}
