// !$*UTF8*$!
{
	archiveVersion = 1;
	classes = {
	};
	objectVersion = 48;
	objects = {

/* Begin PBXBuildFile section */
		F5BBDCC5203D29C100CA5FA8 /* AppDelegate.swift in Sources */ = {isa = PBXBuildFile; fileRef = F5BBDCC4203D29C100CA5FA8 /* AppDelegate.swift */; };
		F5BBDCC7203D29C100CA5FA8 /* ViewController.swift in Sources */ = {isa = PBXBuildFile; fileRef = F5BBDCC6203D29C100CA5FA8 /* ViewController.swift */; };
		F5BBDCCA203D29C100CA5FA8 /* Main.storyboard in Resources */ = {isa = PBXBuildFile; fileRef = F5BBDCC8203D29C100CA5FA8 /* Main.storyboard */; };
		F5BBDCCC203D29C100CA5FA8 /* Assets.xcassets in Resources */ = {isa = PBXBuildFile; fileRef = F5BBDCCB203D29C100CA5FA8 /* Assets.xcassets */; };
		F5BBDCCF203D29C100CA5FA8 /* LaunchScreen.storyboard in Resources */ = {isa = PBXBuildFile; fileRef = F5BBDCCD203D29C100CA5FA8 /* LaunchScreen.storyboard */; };
/* End PBXBuildFile section */

/* Begin PBXFileReference section */
		F5BBDCC1203D29C100CA5FA8 /* UpperTextField.app */ = {isa = PBXFileReference; explicitFileType = wrapper.application; includeInIndex = 0; path = UpperTextField.app; sourceTree = BUILT_PRODUCTS_DIR; };
		F5BBDCC4203D29C100CA5FA8 /* AppDelegate.swift */ = {isa = PBXFileReference; lastKnownFileType = sourcecode.swift; path = AppDelegate.swift; sourceTree = "<group>"; };
		F5BBDCC6203D29C100CA5FA8 /* ViewController.swift */ = {isa = PBXFileReference; lastKnownFileType = sourcecode.swift; path = ViewController.swift; sourceTree = "<group>"; };
		F5BBDCC9203D29C100CA5FA8 /* Base */ = {isa = PBXFileReference; lastKnownFileType = file.storyboard; name = Base; path = Base.lproj/Main.storyboard; sourceTree = "<group>"; };
		F5BBDCCB203D29C100CA5FA8 /* Assets.xcassets */ = {isa = PBXFileReference; lastKnownFileType = folder.assetcatalog; path = Assets.xcassets; sourceTree = "<group>"; };
		F5BBDCCE203D29C100CA5FA8 /* Base */ = {isa = PBXFileReference; lastKnownFileType = file.storyboard; name = Base; path = Base.lproj/LaunchScreen.storyboard; sourceTree = "<group>"; };
		F5BBDCD0203D29C100CA5FA8 /* Info.plist */ = {isa = PBXFileReference; lastKnownFileType = text.plist.xml; path = Info.plist; sourceTree = "<group>"; };
/* End PBXFileReference section */

/* Begin PBXFrameworksBuildPhase section */
		F5BBDCBE203D29C100CA5FA8 /* Frameworks */ = {
			isa = PBXFrameworksBuildPhase;
			buildActionMask = 2147483647;
			files = (
			);
			runOnlyForDeploymentPostprocessing = 0;
		};
/* End PBXFrameworksBuildPhase section */

/* Begin PBXGroup section */
		F5BBDCB8203D29C100CA5FA8 = {
			isa = PBXGroup;
			children = (
				F5BBDCC3203D29C100CA5FA8 /* UpperTextField */,
				F5BBDCC2203D29C100CA5FA8 /* Products */,
			);
			sourceTree = "<group>";
		};
		F5BBDCC2203D29C100CA5FA8 /* Products */ = {
			isa = PBXGroup;
			children = (
				F5BBDCC1203D29C100CA5FA8 /* UpperTextField.app */,
			);
			name = Products;
			sourceTree = "<group>";
		};
		F5BBDCC3203D29C100CA5FA8 /* UpperTextField */ = {
			isa = PBXGroup;
			children = (
				F5BBDCC4203D29C100CA5FA8 /* AppDelegate.swift */,
				F5BBDCC6203D29C100CA5FA8 /* ViewController.swift */,
				F5BBDCC8203D29C100CA5FA8 /* Main.storyboard */,
				F5BBDCCB203D29C100CA5FA8 /* Assets.xcassets */,
				F5BBDCCD203D29C100CA5FA8 /* LaunchScreen.storyboard */,
				F5BBDCD0203D29C100CA5FA8 /* Info.plist */,
			);
			path = UpperTextField;
			sourceTree = "<group>";
		};
/* End PBXGroup section */

/* Begin PBXNativeTarget section */
		F5BBDCC0203D29C100CA5FA8 /* UpperTextField */ = {
			isa = PBXNativeTarget;
			buildConfigurationList = F5BBDCD3203D29C100CA5FA8 /* Build configuration list for PBXNativeTarget "UpperTextField" */;
			buildPhases = (
				F5BBDCBD203D29C100CA5FA8 /* Sources */,
				F5BBDCBE203D29C100CA5FA8 /* Frameworks */,
				F5BBDCBF203D29C100CA5FA8 /* Resources */,
			);
			buildRules = (
			);
			dependencies = (
			);
			name = UpperTextField;
			productName = UpperTextField;
			productReference = F5BBDCC1203D29C100CA5FA8 /* UpperTextField.app */;
			productType = "com.apple.product-type.application";
		};
/* End PBXNativeTarget section */

/* Begin PBXProject section */
		F5BBDCB9203D29C100CA5FA8 /* Project object */ = {
			isa = PBXProject;
			attributes = {
				LastSwiftUpdateCheck = 0920;
				LastUpgradeCheck = 0920;
				ORGANIZATIONNAME = "Max Luttrell";
				TargetAttributes = {
					F5BBDCC0203D29C100CA5FA8 = {
						CreatedOnToolsVersion = 9.2;
						ProvisioningStyle = Automatic;
					};
				};
			};
			buildConfigurationList = F5BBDCBC203D29C100CA5FA8 /* Build configuration list for PBXProject "UpperTextField" */;
			compatibilityVersion = "Xcode 8.0";
			developmentRegion = en;
			hasScannedForEncodings = 0;
			knownRegions = (
				en,
				Base,
			);
			mainGroup = F5BBDCB8203D29C100CA5FA8;
			productRefGroup = F5BBDCC2203D29C100CA5FA8 /* Products */;
			projectDirPath = "";
			projectRoot = "";
			targets = (
				F5BBDCC0203D29C100CA5FA8 /* UpperTextField */,
			);
		};
/* End PBXProject section */

/* Begin PBXResourcesBuildPhase section */
		F5BBDCBF203D29C100CA5FA8 /* Resources */ = {
			isa = PBXResourcesBuildPhase;
			buildActionMask = 2147483647;
			files = (
				F5BBDCCF203D29C100CA5FA8 /* LaunchScreen.storyboard in Resources */,
				F5BBDCCC203D29C100CA5FA8 /* Assets.xcassets in Resources */,
				F5BBDCCA203D29C100CA5FA8 /* Main.storyboard in Resources */,
			);
			runOnlyForDeploymentPostprocessing = 0;
		};
/* End PBXResourcesBuildPhase section */

/* Begin PBXSourcesBuildPhase section */
		F5BBDCBD203D29C100CA5FA8 /* Sources */ = {
			isa = PBXSourcesBuildPhase;
			buildActionMask = 2147483647;
			files = (
				F5BBDCC7203D29C100CA5FA8 /* ViewController.swift in Sources */,
				F5BBDCC5203D29C100CA5FA8 /* AppDelegate.swift in Sources */,
			);
			runOnlyForDeploymentPostprocessing = 0;
		};
/* End PBXSourcesBuildPhase section */

/* Begin PBXVariantGroup section */
		F5BBDCC8203D29C100CA5FA8 /* Main.storyboard */ = {
			isa = PBXVariantGroup;
			children = (
				F5BBDCC9203D29C100CA5FA8 /* Base */,
			);
			name = Main.storyboard;
			sourceTree = "<group>";
		};
		F5BBDCCD203D29C100CA5FA8 /* LaunchScreen.storyboard */ = {
			isa = PBXVariantGroup;
			children = (
				F5BBDCCE203D29C100CA5FA8 /* Base */,
			);
			name = LaunchScreen.storyboard;
			sourceTree = "<group>";
		};
/* End PBXVariantGroup section */

/* Begin XCBuildConfiguration section */
		F5BBDCD1203D29C100CA5FA8 /* Debug */ = {
			isa = XCBuildConfiguration;
			buildSettings = {
				ALWAYS_SEARCH_USER_PATHS = NO;
				CLANG_ANALYZER_NONNULL = YES;
				CLANG_ANALYZER_NUMBER_OBJECT_CONVERSION = YES_AGGRESSIVE;
				CLANG_CXX_LANGUAGE_STANDARD = "gnu++14";
				CLANG_CXX_LIBRARY = "libc++";
				CLANG_ENABLE_MODULES = YES;
				CLANG_ENABLE_OBJC_ARC = YES;
				CLANG_WARN_BLOCK_CAPTURE_AUTORELEASING = YES;
				CLANG_WARN_BOOL_CONVERSION = YES;
				CLANG_WARN_COMMA = YES;
				CLANG_WARN_CONSTANT_CONVERSION = YES;
				CLANG_WARN_DIRECT_OBJC_ISA_USAGE = YES_ERROR;
				CLANG_WARN_DOCUMENTATION_COMMENTS = YES;
				CLANG_WARN_EMPTY_BODY = YES;
				CLANG_WARN_ENUM_CONVERSION = YES;
				CLANG_WARN_INFINITE_RECURSION = YES;
				CLANG_WARN_INT_CONVERSION = YES;
				CLANG_WARN_NON_LITERAL_NULL_CONVERSION = YES;
				CLANG_WARN_OBJC_LITERAL_CONVERSION = YES;
				CLANG_WARN_OBJC_ROOT_CLASS = YES_ERROR;
				CLANG_WARN_RANGE_LOOP_ANALYSIS = YES;
				CLANG_WARN_STRICT_PROTOTYPES = YES;
				CLANG_WARN_SUSPICIOUS_MOVE = YES;
				CLANG_WARN_UNGUARDED_AVAILABILITY = YES_AGGRESSIVE;
				CLANG_WARN_UNREACHABLE_CODE = YES;
				CLANG_WARN__DUPLICATE_METHOD_MATCH = YES;
				CODE_SIGN_IDENTITY = "iPhone Developer";
				COPY_PHASE_STRIP = NO;
				DEBUG_INFORMATION_FORMAT = dwarf;
				ENABLE_STRICT_OBJC_MSGSEND = YES;
				ENABLE_TESTABILITY = YES;
				GCC_C_LANGUAGE_STANDARD = gnu11;
				GCC_DYNAMIC_NO_PIC = NO;
				GCC_NO_COMMON_BLOCKS = YES;
				GCC_OPTIMIZATION_LEVEL = 0;
				GCC_PREPROCESSOR_DEFINITIONS = (
					"DEBUG=1",
					"$(inherited)",
				);
				GCC_WARN_64_TO_32_BIT_CONVERSION = YES;
				GCC_WARN_ABOUT_RETURN_TYPE = YES_ERROR;
				GCC_WARN_UNDECLARED_SELECTOR = YES;
				GCC_WARN_UNINITIALIZED_AUTOS = YES_AGGRESSIVE;
				GCC_WARN_UNUSED_FUNCTION = YES;
				GCC_WARN_UNUSED_VARIABLE = YES;
				IPHONEOS_DEPLOYMENT_TARGET = 11.2;
				MTL_ENABLE_DEBUG_INFO = YES;
				ONLY_ACTIVE_ARCH = YES;
				SDKROOT = iphoneos;
				SWIFT_ACTIVE_COMPILATION_CONDITIONS = DEBUG;
				SWIFT_OPTIMIZATION_LEVEL = "-Onone";
			};
			name = Debug;
		};
		F5BBDCD2203D29C100CA5FA8 /* Release */ = {
			isa = XCBuildConfiguration;
			buildSettings = {
				ALWAYS_SEARCH_USER_PATHS = NO;
				CLANG_ANALYZER_NONNULL = YES;
				CLANG_ANALYZER_NUMBER_OBJECT_CONVERSION = YES_AGGRESSIVE;
				CLANG_CXX_LANGUAGE_STANDARD = "gnu++14";
				CLANG_CXX_LIBRARY = "libc++";
				CLANG_ENABLE_MODULES = YES;
				CLANG_ENABLE_OBJC_ARC = YES;
				CLANG_WARN_BLOCK_CAPTURE_AUTORELEASING = YES;
				CLANG_WARN_BOOL_CONVERSION = YES;
				CLANG_WARN_COMMA = YES;
				CLANG_WARN_CONSTANT_CONVERSION = YES;
				CLANG_WARN_DIRECT_OBJC_ISA_USAGE = YES_ERROR;
				CLANG_WARN_DOCUMENTATION_COMMENTS = YES;
				CLANG_WARN_EMPTY_BODY = YES;
				CLANG_WARN_ENUM_CONVERSION = YES;
				CLANG_WARN_INFINITE_RECURSION = YES;
				CLANG_WARN_INT_CONVERSION = YES;
				CLANG_WARN_NON_LITERAL_NULL_CONVERSION = YES;
				CLANG_WARN_OBJC_LITERAL_CONVERSION = YES;
				CLANG_WARN_OBJC_ROOT_CLASS = YES_ERROR;
				CLANG_WARN_RANGE_LOOP_ANALYSIS = YES;
				CLANG_WARN_STRICT_PROTOTYPES = YES;
				CLANG_WARN_SUSPICIOUS_MOVE = YES;
				CLANG_WARN_UNGUARDED_AVAILABILITY = YES_AGGRESSIVE;
				CLANG_WARN_UNREACHABLE_CODE = YES;
				CLANG_WARN__DUPLICATE_METHOD_MATCH = YES;
				CODE_SIGN_IDENTITY = "iPhone Developer";
				COPY_PHASE_STRIP = NO;
				DEBUG_INFORMATION_FORMAT = "dwarf-with-dsym";
				ENABLE_NS_ASSERTIONS = NO;
				ENABLE_STRICT_OBJC_MSGSEND = YES;
				GCC_C_LANGUAGE_STANDARD = gnu11;
				GCC_NO_COMMON_BLOCKS = YES;
				GCC_WARN_64_TO_32_BIT_CONVERSION = YES;
				GCC_WARN_ABOUT_RETURN_TYPE = YES_ERROR;
				GCC_WARN_UNDECLARED_SELECTOR = YES;
				GCC_WARN_UNINITIALIZED_AUTOS = YES_AGGRESSIVE;
				GCC_WARN_UNUSED_FUNCTION = YES;
				GCC_WARN_UNUSED_VARIABLE = YES;
				IPHONEOS_DEPLOYMENT_TARGET = 11.2;
				MTL_ENABLE_DEBUG_INFO = NO;
				SDKROOT = iphoneos;
				SWIFT_OPTIMIZATION_LEVEL = "-Owholemodule";
				VALIDATE_PRODUCT = YES;
			};
			name = Release;
		};
		F5BBDCD4203D29C100CA5FA8 /* Debug */ = {
			isa = XCBuildConfiguration;
			buildSettings = {
				ASSETCATALOG_COMPILER_APPICON_NAME = AppIcon;
				CODE_SIGN_STYLE = Automatic;
				INFOPLIST_FILE = UpperTextField/Info.plist;
				LD_RUNPATH_SEARCH_PATHS = "$(inherited) @executable_path/Frameworks";
				PRODUCT_BUNDLE_IDENTIFIER = com.example.UpperTextField;
				PRODUCT_NAME = "$(TARGET_NAME)";
				SWIFT_VERSION = 4.0;
				TARGETED_DEVICE_FAMILY = "1,2";
			};
			name = Debug;
		};
		F5BBDCD5203D29C100CA5FA8 /* Release */ = {
			isa = XCBuildConfiguration;
			buildSettings = {
				ASSETCATALOG_COMPILER_APPICON_NAME = AppIcon;
				CODE_SIGN_STYLE = Automatic;
				INFOPLIST_FILE = UpperTextField/Info.plist;
				LD_RUNPATH_SEARCH_PATHS = "$(inherited) @executable_path/Frameworks";
				PRODUCT_BUNDLE_IDENTIFIER = com.example.UpperTextField;
				PRODUCT_NAME = "$(TARGET_NAME)";
				SWIFT_VERSION = 4.0;
				TARGETED_DEVICE_FAMILY = "1,2";
			};
			name = Release;
		};
/* End XCBuildConfiguration section */

/* Begin XCConfigurationList section */
		F5BBDCBC203D29C100CA5FA8 /* Build configuration list for PBXProject "UpperTextField" */ = {
			isa = XCConfigurationList;
			buildConfigurations = (
				F5BBDCD1203D29C100CA5FA8 /* Debug */,
				F5BBDCD2203D29C100CA5FA8 /* Release */,
			);
			defaultConfigurationIsVisible = 0;
			defaultConfigurationName = Release;
		};
		F5BBDCD3203D29C100CA5FA8 /* Build configuration list for PBXNativeTarget "UpperTextField" */ = {
			isa = XCConfigurationList;
			buildConfigurations = (
				F5BBDCD4203D29C100CA5FA8 /* Debug */,
				F5BBDCD5203D29C100CA5FA8 /* Release */,
			);
			defaultConfigurationIsVisible = 0;
			defaultConfigurationName = Release;
		};
/* End XCConfigurationList section */
	};
	rootObject = F5BBDCB9203D29C100CA5FA8 /* Project object */;
}
